// This lockfile was autogenerated by Pants. To regenerate, run:
//
//    pants generate-lockfiles --resolve=mypy
//
// --- BEGIN PANTS LOCKFILE METADATA: DO NOT EDIT OR REMOVE ---
// {
//   "version": 3,
//   "valid_for_interpreter_constraints": [
//     "CPython<3.10,>=3.9"
//   ],
//   "generated_with_requirements": [
//     "django-stubs==1.10.1",
//     "mypy==0.942"
//   ],
//   "manylinux": "manylinux2014",
//   "requirement_constraints": [],
//   "only_binary": [],
//   "no_binary": []
// }
// --- END PANTS LOCKFILE METADATA ---

{
  "allow_builds": true,
  "allow_prereleases": false,
  "allow_wheels": true,
  "build_isolation": true,
  "constraints": [],
  "locked_resolves": [
    {
      "locked_requirements": [
        {
          "artifacts": [
            {
              "algorithm": "sha256",
              "hash": "1d2880b792ae8757289136f1db2b7b99100ce959b2aa57fd69dab783d05afac4",
              "url": "https://files.pythonhosted.org/packages/af/6d/ea3a5c3027c3f14b0321cd4f7e594c776ebe64e4b927432ca6917512a4f7/asgiref-3.5.2-py3-none-any.whl"
            },
            {
              "algorithm": "sha256",
              "hash": "4a29362a6acebe09bf1d6640db38c1dc3d9217c68e6f9f6204d72667fc19a424",
              "url": "https://files.pythonhosted.org/packages/1f/35/e7d59b92ceffb1dc62c65156278de378670b46ab2364a3ea7216fe194ba3/asgiref-3.5.2.tar.gz"
            }
          ],
          "project_name": "asgiref",
          "requires_dists": [
            "mypy>=0.800; extra == \"tests\"",
            "pytest-asyncio; extra == \"tests\"",
            "pytest; extra == \"tests\"",
            "typing-extensions; python_version < \"3.8\""
          ],
          "requires_python": ">=3.7",
          "version": "3.5.2"
        },
        {
          "artifacts": [
            {
              "algorithm": "sha256",
              "hash": "26dc24f99c8956374a054bcbf58aab8dc0cad2e6ac82b0fe036b752c00eee793",
              "url": "https://files.pythonhosted.org/packages/91/02/786ced9f0b9980670f46f7563f9c5494a24e3dd1920cc7be6cc7ac377389/Django-4.1.2-py3-none-any.whl"
            },
            {
              "algorithm": "sha256",
              "hash": "b8d843714810ab88d59344507d4447be8b2cf12a49031363b6eed9f1b9b2280f",
              "url": "https://files.pythonhosted.org/packages/09/28/fe1484dfc2e984543a07d5444006122f6cc451fe352bce1d85edcf81a05f/Django-4.1.2.tar.gz"
            }
          ],
          "project_name": "django",
          "requires_dists": [
            "argon2-cffi>=19.1.0; extra == \"argon2\"",
            "asgiref<4,>=3.5.2",
            "backports.zoneinfo; python_version < \"3.9\"",
            "bcrypt; extra == \"bcrypt\"",
            "sqlparse>=0.2.2",
            "tzdata; sys_platform == \"win32\""
          ],
          "requires_python": ">=3.8",
          "version": "4.1.2"
        },
        {
          "artifacts": [
            {
              "algorithm": "sha256",
              "hash": "dfffa933e3c7f5cae92c860fbd6cf4ae58c4f78eed93843612f863207c9e0e1a",
              "url": "https://files.pythonhosted.org/packages/9b/70/fa9c13b2c9305f5728ee7200e4666a0f66472171bb4656919fc7ff3be35e/django_stubs-1.10.1-py3-none-any.whl"
            },
            {
              "algorithm": "sha256",
              "hash": "2ec21fc14dba392156e0ec8438e1863c86ddb295f1c8d88eecd7e0e04977c843",
              "url": "https://files.pythonhosted.org/packages/20/b7/07950c67ab79042c52fc1a2b32c5c6995385bd1a5333206b88a6e8380476/django-stubs-1.10.1.tar.gz"
            }
          ],
          "project_name": "django-stubs",
          "requires_dists": [
            "django",
            "django-stubs-ext>=0.4.0",
            "mypy<0.950,>=0.930",
            "tomli",
            "types-PyYAML",
            "types-pytz",
            "typing-extensions"
          ],
          "requires_python": ">=3.7",
          "version": "1.10.1"
        },
        {
          "artifacts": [
            {
              "algorithm": "sha256",
              "hash": "c5d8db53d29c756e7e3d0820a5a079a43bc38d8fab0e1b8bd5df2f3366c54b5a",
              "url": "https://files.pythonhosted.org/packages/d1/db/68c4c2ae9c8394d01eb2bb27f3d4a52bf07fb779215447a3d6ec9d75b5b1/django_stubs_ext-0.5.0-py3-none-any.whl"
            },
            {
              "algorithm": "sha256",
              "hash": "9bd7418376ab00b7f88d6d56be9fece85bfa0c7c348ac621155fa4d7a91146f2",
              "url": "https://files.pythonhosted.org/packages/53/9a/f67ecf839fc4e0bffe187b4d929700da918c21a55c686ec43d5e70b9ddfc/django-stubs-ext-0.5.0.tar.gz"
            }
          ],
          "project_name": "django-stubs-ext",
          "requires_dists": [
            "django",
            "typing-extensions"
          ],
          "requires_python": ">=3.6",
          "version": "0.5"
        },
        {
          "artifacts": [
            {
              "algorithm": "sha256",
              "hash": "a1b383fe99678d7402754fe90448d4037f9512ce70c21f8aee3b8bf48ffc51db",
              "url": "https://files.pythonhosted.org/packages/dd/c1/072c3187d19d1e5445a0230b526916e37497eefe6b060491845603fa6f95/mypy-0.942-py3-none-any.whl"
            },
            {
              "algorithm": "sha256",
              "hash": "6ce34a118d1a898f47def970a2042b8af6bdcc01546454726c7dd2171aa6dfca",
              "url": "https://files.pythonhosted.org/packages/52/67/f3bfbb3b73c8b154a7fe2c4e36c24751329a67151a014dc7b12a6e45e386/mypy-0.942-cp39-cp39-macosx_10_9_universal2.whl"
            },
            {
              "algorithm": "sha256",
              "hash": "10daab80bc40f84e3f087d896cdb53dc811a9f04eae4b3f95779c26edee89d16",
              "url": "https://files.pythonhosted.org/packages/67/13/e99a8d4f804f3db73073512f04cce0fad7d0c75cc69245f99eab9ebf67d9/mypy-0.942-cp39-cp39-macosx_10_9_x86_64.whl"
            },
            {
              "algorithm": "sha256",
              "hash": "3841b5433ff936bff2f4dc8d54cf2cdbfea5d8e88cedfac45c161368e5770ba6",
              "url": "https://files.pythonhosted.org/packages/7f/90/27f32c7c4cac281b7e0a2bdf225f0e3020dc091efcba4bc2efc32d1d5592/mypy-0.942-cp39-cp39-macosx_11_0_arm64.whl"
            },
            {
              "algorithm": "sha256",
              "hash": "6f7106cbf9cc2f403693bf50ed7c9fa5bb3dfa9007b240db3c910929abe2a322",
              "url": "https://files.pythonhosted.org/packages/84/c7/9555abe67e9d1b5300042797f5c2829de40c831e5d99a8f467e741a4816a/mypy-0.942-cp39-cp39-manylinux_2_5_x86_64.manylinux1_x86_64.manylinux_2_12_x86_64.manylinux2010_x86_64.whl"
            },
            {
              "algorithm": "sha256",
              "hash": "17e44649fec92e9f82102b48a3bf7b4a5510ad0cd22fa21a104826b5db4903e2",
              "url": "https://files.pythonhosted.org/packages/e3/7b/3fa271e904b0e8689fb0f0083a43a8bf84b9b47b8f3f5a36e0ee2c064eb4/mypy-0.942.tar.gz"
            }
          ],
          "project_name": "mypy",
          "requires_dists": [
            "lxml; extra == \"reports\"",
            "mypy-extensions>=0.4.3",
            "psutil>=4.0; extra == \"dmypy\"",
            "tomli>=1.1.0",
            "typed-ast<2,>=1.4.0; extra == \"python2\"",
            "typed-ast<2,>=1.4.0; python_version < \"3.8\"",
            "typing-extensions>=3.10"
          ],
          "requires_python": ">=3.6",
          "version": "0.942"
        },
        {
          "artifacts": [
            {
              "algorithm": "sha256",
              "hash": "090fedd75945a69ae91ce1303b5824f428daf5a028d2f6ab8a299250a846f15d",
              "url": "https://files.pythonhosted.org/packages/5c/eb/975c7c080f3223a5cdaff09612f3a5221e4ba534f7039db34c35d95fa6a5/mypy_extensions-0.4.3-py2.py3-none-any.whl"
            },
            {
              "algorithm": "sha256",
              "hash": "2d82818f5bb3e369420cb3c4060a7970edba416647068eb4c5343488a6c604a8",
              "url": "https://files.pythonhosted.org/packages/63/60/0582ce2eaced55f65a4406fc97beba256de4b7a95a0034c6576458c6519f/mypy_extensions-0.4.3.tar.gz"
            }
          ],
          "project_name": "mypy-extensions",
          "requires_dists": [
            "typing>=3.5.3; python_version < \"3.5\""
          ],
          "requires_python": null,
          "version": "0.4.3"
        },
        {
          "artifacts": [
            {
              "algorithm": "sha256",
              "hash": "0323c0ec29cd52bceabc1b4d9d579e311f3e4961b98d174201d5622a23b85e34",
              "url": "https://files.pythonhosted.org/packages/97/d3/31dd2c3e48fc2060819f4acb0686248250a0f2326356306b38a42e059144/sqlparse-0.4.3-py3-none-any.whl"
            },
            {
              "algorithm": "sha256",
              "hash": "69ca804846bb114d2ec380e4360a8a340db83f0ccf3afceeb1404df028f57268",
              "url": "https://files.pythonhosted.org/packages/ba/fa/5b7662b04b69f3a34b8867877e4dbf2a37b7f2a5c0bbb5a9eed64efd1ad1/sqlparse-0.4.3.tar.gz"
            }
          ],
          "project_name": "sqlparse",
          "requires_dists": [],
          "requires_python": ">=3.5",
          "version": "0.4.3"
        },
        {
          "artifacts": [
            {
              "algorithm": "sha256",
              "hash": "939de3e7a6161af0c887ef91b7d41a53e7c5a1ca976325f429cb46ea9bc30ecc",
              "url": "https://files.pythonhosted.org/packages/97/75/10a9ebee3fd790d20926a90a2547f0bf78f371b2f13aa822c759680ca7b9/tomli-2.0.1-py3-none-any.whl"
            },
            {
              "algorithm": "sha256",
              "hash": "de526c12914f0c550d15924c62d72abc48d6fe7364aa87328337a31007fe8a4f",
              "url": "https://files.pythonhosted.org/packages/c0/3f/d7af728f075fb08564c5949a9c95e44352e23dee646869fa104a3b2060a3/tomli-2.0.1.tar.gz"
            }
          ],
          "project_name": "tomli",
          "requires_dists": [],
          "requires_python": ">=3.7",
          "version": "2.0.1"
        },
        {
          "artifacts": [
            {
              "algorithm": "sha256",
              "hash": "a8e1fe6a1b270fbfaf2553b20ad0f1316707cc320e596da903bb17d7373fed2d",
              "url": "https://files.pythonhosted.org/packages/3b/3c/0dc1f9377a2fb7f7b763b7f4fb15f482a17c302995e4c448d9ea79453449/types_pytz-2022.5.0.0-py3-none-any.whl"
            },
            {
              "algorithm": "sha256",
              "hash": "0c163b15d3e598e6cc7074a99ca9ec72b25dc1b446acc133b827667af0b7b09a",
              "url": "https://files.pythonhosted.org/packages/e9/d8/36039649aa0e5fcb3a1b8864d541b36e7f822470fd302540b98fa2c36926/types-pytz-2022.5.0.0.tar.gz"
            }
          ],
          "project_name": "types-pytz",
          "requires_dists": [],
          "requires_python": null,
          "version": "2022.5"
        },
        {
          "artifacts": [
            {
              "algorithm": "sha256",
              "hash": "aaf5e51444c13bd34104695a89ad9c48412599a4f615d65a60e649109714f608",
              "url": "https://files.pythonhosted.org/packages/c5/e2/263bb5d8ad3e3027e92a7cd2cca64942163416cd7d8bbd6810c924b673dd/types_PyYAML-6.0.12.1-py3-none-any.whl"
            },
            {
              "algorithm": "sha256",
              "hash": "70ccaafcf3fb404d57bffc1529fdd86a13e8b4f2cf9fc3ee81a6408ce0ad59d2",
              "url": "https://files.pythonhosted.org/packages/38/e5/49cea32633e9425589f913a9fecb47ab3fe363bf1d3c431961842b454b74/types-PyYAML-6.0.12.1.tar.gz"
            }
          ],
          "project_name": "types-pyyaml",
          "requires_dists": [],
          "requires_python": null,
          "version": "6.0.12.1"
        },
        {
          "artifacts": [
            {
              "algorithm": "sha256",
              "hash": "16fa4864408f655d35ec496218b85f79b3437c829e93320c7c9215ccfd92489e",
              "url": "https://files.pythonhosted.org/packages/0b/8e/f1a0a5a76cfef77e1eb6004cb49e5f8d72634da638420b9ea492ce8305e8/typing_extensions-4.4.0-py3-none-any.whl"
            },
            {
              "algorithm": "sha256",
              "hash": "1511434bb92bf8dd198c12b1cc812e800d4181cfcb867674e0f8279cc93087aa",
              "url": "https://files.pythonhosted.org/packages/e3/a7/8f4e456ef0adac43f452efc2d0e4b242ab831297f1bac60ac815d37eb9cf/typing_extensions-4.4.0.tar.gz"
            }
          ],
          "project_name": "typing-extensions",
          "requires_dists": [],
          "requires_python": ">=3.7",
          "version": "4.4"
        }
      ],
      "platform_tag": null
    }
  ],
  "path_mappings": {},
  "pex_version": "2.1.108",
  "pip_version": "20.3.4-patched",
  "prefer_older_binary": false,
  "requirements": [
    "django-stubs==1.10.1",
    "mypy==0.942"
  ],
  "requires_python": [
    "<3.10,>=3.9"
  ],
  "resolver_version": "pip-2020-resolver",
  "style": "universal",
  "target_systems": [
    "linux",
    "mac"
  ],
  "transitive": true,
  "use_pep517": null
}
