// This lockfile was autogenerated by Pants. To regenerate, run:
//
//    pants generate-lockfiles --resolve=python-default
//
// --- BEGIN PANTS LOCKFILE METADATA: DO NOT EDIT OR REMOVE ---
// {
//   "version": 3,
//   "valid_for_interpreter_constraints": [
//     "CPython<3.10,>=3.9"
//   ],
//   "generated_with_requirements": [
//     "ansicolors>=1.0.2",
//     "django-debug-toolbar<4,>=3.8.0",
//     "django-stubs==1.10.1",
//     "django<4,>=3.2.13",
//     "gunicorn>=20.1.0",
//     "mypy==0.942",
//     "protobuf>=3.11.3",
//     "pytest-django<5,>=4",
//     "pytest>=6.0.1",
//     "requests>=2.25.1",
//     "setuptools>=42.0.0",
//     "translate>=3.2.1",
//     "types-requests>=2.25.1"
//   ],
//   "manylinux": "manylinux2014",
//   "requirement_constraints": [],
//   "only_binary": [],
//   "no_binary": []
// }
// --- END PANTS LOCKFILE METADATA ---

{
  "allow_builds": true,
  "allow_prereleases": false,
  "allow_wheels": true,
  "build_isolation": true,
  "constraints": [],
  "locked_resolves": [
    {
      "locked_requirements": [
        {
          "artifacts": [
            {
              "algorithm": "sha256",
              "hash": "00d2dde5a675579325902536738dd27e4fac1fd68f773fe36c21044eb559e187",
              "url": "https://files.pythonhosted.org/packages/53/18/a56e2fe47b259bb52201093a3a9d4a32014f9d85071ad07e9d60600890ca/ansicolors-1.1.8-py2.py3-none-any.whl"
            },
            {
              "algorithm": "sha256",
              "hash": "99f94f5e3348a0bcd43c82e5fc4414013ccc19d70bd939ad71e0133ce9c372e0",
              "url": "https://files.pythonhosted.org/packages/76/31/7faed52088732704523c259e24c26ce6f2f33fbeff2ff59274560c27628e/ansicolors-1.1.8.zip"
            }
          ],
          "project_name": "ansicolors",
          "requires_dists": [],
          "requires_python": null,
          "version": "1.1.8"
        },
        {
          "artifacts": [
            {
              "algorithm": "sha256",
              "hash": "89b2ef2247e3b562a16eef663bc0e2e703ec6468e2fa8a5cd61cd449786d4f6e",
              "url": "https://files.pythonhosted.org/packages/9b/80/b9051a4a07ad231558fcd8ffc89232711b4e618c15cb7a392a17384bbeef/asgiref-3.7.2-py3-none-any.whl"
            },
            {
              "algorithm": "sha256",
              "hash": "9e0ce3aa93a819ba5b45120216b23878cf6e8525eb3848653452b4192b92afed",
              "url": "https://files.pythonhosted.org/packages/12/19/64e38c1c2cbf0da9635b7082bbdf0e89052e93329279f59759c24a10cc96/asgiref-3.7.2.tar.gz"
            }
          ],
          "project_name": "asgiref",
          "requires_dists": [
            "mypy>=0.800; extra == \"tests\"",
            "pytest-asyncio; extra == \"tests\"",
            "pytest; extra == \"tests\"",
            "typing-extensions>=4; python_version < \"3.11\""
          ],
          "requires_python": ">=3.7",
          "version": "3.7.2"
        },
        {
          "artifacts": [
            {
              "algorithm": "sha256",
              "hash": "92d6037539857d8206b8f6ae472e8b77db8058fec5937a1ef3f54304089edbb9",
              "url": "https://files.pythonhosted.org/packages/4c/dd/2234eab22353ffc7d94e8d13177aaa050113286e93e7b40eae01fbf7c3d9/certifi-2023.7.22-py3-none-any.whl"
            },
            {
              "algorithm": "sha256",
              "hash": "539cc1d13202e33ca466e88b2807e29f4c13049d6d87031a3c110744495cb082",
              "url": "https://files.pythonhosted.org/packages/98/98/c2ff18671db109c9f10ed27f5ef610ae05b73bd876664139cf95bd1429aa/certifi-2023.7.22.tar.gz"
            }
          ],
          "project_name": "certifi",
          "requires_dists": [],
          "requires_python": ">=3.6",
          "version": "2023.7.22"
        },
        {
          "artifacts": [
            {
              "algorithm": "sha256",
              "hash": "8e098148dd37b4ce3baca71fb394c81dc5d9c7728c95df695d2dca218edf40e6",
              "url": "https://files.pythonhosted.org/packages/bf/a0/188f223c7d8b924fb9b554b9d27e0e7506fd5bf9cfb6dbacb2dfd5832b53/charset_normalizer-3.2.0-py3-none-any.whl"
            },
            {
              "algorithm": "sha256",
              "hash": "855eafa5d5a2034b4621c74925d89c5efef61418570e5ef9b37717d9c796419c",
              "url": "https://files.pythonhosted.org/packages/09/79/1b7af063e7c57a51aab7f2aaccd79bb8a694dfae668e8aa79b0b045b17bc/charset_normalizer-3.2.0-cp39-cp39-macosx_10_9_universal2.whl"
            },
            {
              "algorithm": "sha256",
              "hash": "c8063cf17b19661471ecbdb3df1c84f24ad2e389e326ccaf89e3fb2484d8dd7e",
              "url": "https://files.pythonhosted.org/packages/1b/2c/7376d101efdec15e61e9861890cf107c6ce3cceba89eb87cc416ee0528cd/charset_normalizer-3.2.0-cp39-cp39-musllinux_1_1_ppc64le.whl"
            },
            {
              "algorithm": "sha256",
              "hash": "1920d4ff15ce893210c1f0c0e9d19bfbecb7983c76b33f046c13a8ffbd570252",
              "url": "https://files.pythonhosted.org/packages/23/59/8011a01cd8b904d08d86b4a49f407e713d20ee34155300dc698892a29f8b/charset_normalizer-3.2.0-cp39-cp39-manylinux_2_5_i686.manylinux1_i686.manylinux_2_17_i686.manylinux2014_i686.whl"
            },
            {
              "algorithm": "sha256",
              "hash": "3bb3d25a8e6c0aedd251753a79ae98a093c7e7b471faa3aa9a93a81431987ace",
              "url": "https://files.pythonhosted.org/packages/2a/53/cf0a48de1bdcf6ff6e1c9a023f5f523dfe303e4024f216feac64b6eb7f67/charset-normalizer-3.2.0.tar.gz"
            },
            {
              "algorithm": "sha256",
              "hash": "5e86d77b090dbddbe78867a0275cb4df08ea195e660f1f7f13435a4649e954e5",
              "url": "https://files.pythonhosted.org/packages/47/03/2cde6c5fba0115e8726272aabfca33b9d84d377cc11c4bab092fa9617d7a/charset_normalizer-3.2.0-cp39-cp39-manylinux_2_17_aarch64.manylinux2014_aarch64.whl"
            },
            {
              "algorithm": "sha256",
              "hash": "c4fb39a81950ec280984b3a44f5bd12819953dc5fa3a7e6fa7a80db5ee853952",
              "url": "https://files.pythonhosted.org/packages/4a/46/a22af93e707f0d3c3865a2c21b4363c778239f5a6405aadd220992ac3058/charset_normalizer-3.2.0-cp39-cp39-manylinux_2_17_ppc64le.manylinux2014_ppc64le.whl"
            },
            {
              "algorithm": "sha256",
              "hash": "203f0c8871d5a7987be20c72442488a0b8cfd0f43b7973771640fc593f56321f",
              "url": "https://files.pythonhosted.org/packages/7b/c6/7f75892d87d7afcf8ed909f3e74de1bc61abd9d77cd9aab1f449430856c5/charset_normalizer-3.2.0-cp39-cp39-macosx_10_9_x86_64.whl"
            },
            {
              "algorithm": "sha256",
              "hash": "2dee8e57f052ef5353cf608e0b4c871aee320dd1b87d351c28764fc0ca55f9f4",
              "url": "https://files.pythonhosted.org/packages/80/75/eadff07a61d5602b6b19859d464bc0983654ae79114ef8aa15797b02271c/charset_normalizer-3.2.0-cp39-cp39-manylinux_2_17_s390x.manylinux2014_s390x.whl"
            },
            {
              "algorithm": "sha256",
              "hash": "c1c76a1743432b4b60ab3358c937a3fe1341c828ae6194108a94c69028247f22",
              "url": "https://files.pythonhosted.org/packages/85/52/77ab28e0eb07f12a02732c55abfc3be481bd46c91d5ade76a8904dfb59a4/charset_normalizer-3.2.0-cp39-cp39-musllinux_1_1_aarch64.whl"
            },
            {
              "algorithm": "sha256",
              "hash": "cd6dbe0238f7743d0efe563ab46294f54f9bc8f4b9bcf57c3c666cc5bc9d1299",
              "url": "https://files.pythonhosted.org/packages/95/d3/ed29b2d14ec9044a223dcf7c439fa550ef9c6d06c9372cd332374d990559/charset_normalizer-3.2.0-cp39-cp39-musllinux_1_1_s390x.whl"
            },
            {
              "algorithm": "sha256",
              "hash": "e857a2232ba53ae940d3456f7533ce6ca98b81917d47adc3c7fd55dad8fab858",
              "url": "https://files.pythonhosted.org/packages/d3/d8/50a33f82bdf25e71222a55cef146310e3e9fe7d5790be5281d715c012eae/charset_normalizer-3.2.0-cp39-cp39-macosx_11_0_arm64.whl"
            },
            {
              "algorithm": "sha256",
              "hash": "f7560358a6811e52e9c4d142d497f1a6e10103d3a6881f18d04dbce3729c0e2c",
              "url": "https://files.pythonhosted.org/packages/ed/21/03b4a3533b7a845ee31ed4542ca06debdcf7f12c099ae3dd6773c275b0df/charset_normalizer-3.2.0-cp39-cp39-musllinux_1_1_i686.whl"
            },
            {
              "algorithm": "sha256",
              "hash": "1249cbbf3d3b04902ff081ffbb33ce3377fa6e4c7356f759f3cd076cc138d020",
              "url": "https://files.pythonhosted.org/packages/f2/e8/d9651a0afd4ee792207b24bd1d438ed750f1c0f29df62bd73d24ded428f9/charset_normalizer-3.2.0-cp39-cp39-musllinux_1_1_x86_64.whl"
            },
            {
              "algorithm": "sha256",
              "hash": "8700f06d0ce6f128de3ccdbc1acaea1ee264d2caa9ca05daaf492fde7c2a7200",
              "url": "https://files.pythonhosted.org/packages/f9/0d/514be8597d7a96243e5467a37d337b9399cec117a513fcf9328405d911c0/charset_normalizer-3.2.0-cp39-cp39-manylinux_2_17_x86_64.manylinux2014_x86_64.whl"
            }
          ],
          "project_name": "charset-normalizer",
          "requires_dists": [],
          "requires_python": ">=3.7.0",
          "version": "3.2.0"
        },
        {
          "artifacts": [
            {
              "algorithm": "sha256",
              "hash": "ae74fb96c20a0277a1d615f1e4d73c8414f5a98db8b799a7931d1582f3390c28",
              "url": "https://files.pythonhosted.org/packages/00/2e/d53fa4befbf2cfa713304affc7ca780ce4fc1fd8710527771b58311a3229/click-8.1.7-py3-none-any.whl"
            },
            {
              "algorithm": "sha256",
              "hash": "ca9853ad459e787e2192211578cc907e7594e294c7ccc834310722b41b9ca6de",
              "url": "https://files.pythonhosted.org/packages/96/d3/f04c7bfcf5c1862a2a5b845c6b2b360488cf47af55dfa79c98f6a6bf98b5/click-8.1.7.tar.gz"
            }
          ],
          "project_name": "click",
          "requires_dists": [
            "colorama; platform_system == \"Windows\"",
            "importlib-metadata; python_version < \"3.8\""
          ],
          "requires_python": ">=3.7",
          "version": "8.1.7"
        },
        {
          "artifacts": [
            {
              "algorithm": "sha256",
              "hash": "d31b06c58aa2cd73998ca5966bc3001243d3c4e77ee2d0c479bced124765fd99",
              "url": "https://files.pythonhosted.org/packages/97/8d/03ac2f7a3f751f597be12c03a09147f9ca80906264044bb05758bbcc2b32/Django-3.2.21-py3-none-any.whl"
            },
            {
              "algorithm": "sha256",
              "hash": "a5de4c484e7b7418e6d3e52a5b8794f0e6b9f9e4ce3c037018cf1c489fa87f3c",
              "url": "https://files.pythonhosted.org/packages/9f/4a/2b57890fd9a1511ed3c580ef3636f018d06b1f9ae42b3033e4fff3ff7720/Django-3.2.21.tar.gz"
            }
          ],
          "project_name": "django",
          "requires_dists": [
            "argon2-cffi>=19.1.0; extra == \"argon2\"",
            "asgiref<4,>=3.3.2",
            "bcrypt; extra == \"bcrypt\"",
            "pytz",
            "sqlparse>=0.2.2"
          ],
          "requires_python": ">=3.6",
          "version": "3.2.21"
        },
        {
          "artifacts": [
            {
              "algorithm": "sha256",
              "hash": "879f8a4672d41621c06a4d322dcffa630fc4df056cada6e417ed01db0e5e0478",
              "url": "https://files.pythonhosted.org/packages/c7/c3/fd81e84ce86904019112428c690a06ab19c66742c917a898dcf9da6ae166/django_debug_toolbar-3.8.1-py3-none-any.whl"
            },
            {
              "algorithm": "sha256",
              "hash": "24ef1a7d44d25e60d7951e378454c6509bf536dce7e7d9d36e7c387db499bc27",
              "url": "https://files.pythonhosted.org/packages/80/53/1d1e3bbef3c6f5820f838a6a6a8e795a3c86323f9dbf2f8a89de78477972/django_debug_toolbar-3.8.1.tar.gz"
            }
          ],
          "project_name": "django-debug-toolbar",
          "requires_dists": [
            "django>=3.2.4",
            "sqlparse>=0.2"
          ],
          "requires_python": ">=3.7",
          "version": "3.8.1"
        },
        {
          "artifacts": [
            {
              "algorithm": "sha256",
              "hash": "dfffa933e3c7f5cae92c860fbd6cf4ae58c4f78eed93843612f863207c9e0e1a",
              "url": "https://files.pythonhosted.org/packages/9b/70/fa9c13b2c9305f5728ee7200e4666a0f66472171bb4656919fc7ff3be35e/django_stubs-1.10.1-py3-none-any.whl"
            },
            {
              "algorithm": "sha256",
              "hash": "2ec21fc14dba392156e0ec8438e1863c86ddb295f1c8d88eecd7e0e04977c843",
              "url": "https://files.pythonhosted.org/packages/20/b7/07950c67ab79042c52fc1a2b32c5c6995385bd1a5333206b88a6e8380476/django-stubs-1.10.1.tar.gz"
            }
          ],
          "project_name": "django-stubs",
          "requires_dists": [
            "django",
            "django-stubs-ext>=0.4.0",
            "mypy<0.950,>=0.930",
            "tomli",
            "types-PyYAML",
            "types-pytz",
            "typing-extensions"
          ],
          "requires_python": ">=3.7",
          "version": "1.10.1"
        },
        {
          "artifacts": [
            {
              "algorithm": "sha256",
              "hash": "fdacc65a14d2d4b97334b58ff178a5853ec8c8c76cec406e417916ad67536ce4",
              "url": "https://files.pythonhosted.org/packages/92/e5/f186498e66e7cf505e8e4cf2bb9fa631bdf61a33dbb997558f4fdbcc6240/django_stubs_ext-4.2.2-py3-none-any.whl"
            },
            {
              "algorithm": "sha256",
              "hash": "c69d1cc46f1c4c3b7894b685a5022c29b2a36c7cfb52e23762eaf357ebfc2c98",
              "url": "https://files.pythonhosted.org/packages/58/31/2950163649bb058b164227a6bfd015d3b2b24c8a07463ba1f996d9f15e03/django-stubs-ext-4.2.2.tar.gz"
            }
          ],
          "project_name": "django-stubs-ext",
          "requires_dists": [
            "django",
            "typing-extensions"
          ],
          "requires_python": ">=3.8",
          "version": "4.2.2"
        },
        {
          "artifacts": [
            {
              "algorithm": "sha256",
              "hash": "343280667a4585d195ca1cf9cef84a4e178c4b6cf2274caef9859782b567d5e3",
              "url": "https://files.pythonhosted.org/packages/ad/83/b71e58666f156a39fb29417e4c8ca4bc7400c0dd4ed9e8842ab54dc8c344/exceptiongroup-1.1.3-py3-none-any.whl"
            },
            {
              "algorithm": "sha256",
              "hash": "097acd85d473d75af5bb98e41b61ff7fe35efe6675e4f9370ec6ec5126d160e9",
              "url": "https://files.pythonhosted.org/packages/c2/e1/5561ad26f99b7779c28356f73f69a8b468ef491d0f6adf20d7ed0ac98ec1/exceptiongroup-1.1.3.tar.gz"
            }
          ],
          "project_name": "exceptiongroup",
          "requires_dists": [
            "pytest>=6; extra == \"test\""
          ],
          "requires_python": ">=3.7",
          "version": "1.1.3"
        },
        {
          "artifacts": [
            {
              "algorithm": "sha256",
              "hash": "3213aa5e8c24949e792bcacfc176fef362e7aac80b76c56f6b5122bf350722f0",
              "url": "https://files.pythonhosted.org/packages/0e/2a/c3a878eccb100ccddf45c50b6b8db8cf3301a6adede6e31d48e8531cab13/gunicorn-21.2.0-py3-none-any.whl"
            },
            {
              "algorithm": "sha256",
              "hash": "88ec8bff1d634f98e61b9f65bc4bf3cd918a90806c6f5c48bc5603849ec81033",
              "url": "https://files.pythonhosted.org/packages/06/89/acd9879fa6a5309b4bf16a5a8855f1e58f26d38e0c18ede9b3a70996b021/gunicorn-21.2.0.tar.gz"
            }
          ],
          "project_name": "gunicorn",
          "requires_dists": [
            "eventlet>=0.24.1; extra == \"eventlet\"",
            "gevent>=1.4.0; extra == \"gevent\"",
            "importlib-metadata; python_version < \"3.8\"",
            "packaging",
            "setproctitle; extra == \"setproctitle\"",
            "tornado>=0.2; extra == \"tornado\""
          ],
          "requires_python": ">=3.5",
          "version": "21.2.0"
        },
        {
          "artifacts": [
            {
              "algorithm": "sha256",
              "hash": "90b77e79eaa3eba6de819a0c442c0b4ceefc341a7a2ab77d7562bf49f425c5c2",
              "url": "https://files.pythonhosted.org/packages/fc/34/3030de6f1370931b9dbb4dad48f6ab1015ab1d32447850b9fc94e60097be/idna-3.4-py3-none-any.whl"
            },
            {
              "algorithm": "sha256",
              "hash": "814f528e8dead7d329833b91c5faa87d60bf71824cd12a7530b5526063d02cb4",
              "url": "https://files.pythonhosted.org/packages/8b/e1/43beb3d38dba6cb420cefa297822eac205a277ab43e5ba5d5c46faf96438/idna-3.4.tar.gz"
            }
          ],
          "project_name": "idna",
          "requires_dists": [],
          "requires_python": ">=3.5",
          "version": "3.4"
        },
        {
          "artifacts": [
            {
              "algorithm": "sha256",
              "hash": "b6a85871a79d2e3b22d2d1b94ac2824226a63c6b741c88f7ae975f18b6778374",
              "url": "https://files.pythonhosted.org/packages/ef/a6/62565a6e1cf69e10f5727360368e451d4b7f58beeac6173dc9db836a5b46/iniconfig-2.0.0-py3-none-any.whl"
            },
            {
              "algorithm": "sha256",
              "hash": "2d91e135bf72d31a410b17c16da610a82cb55f6b0477d1a902134b24a455b8b3",
              "url": "https://files.pythonhosted.org/packages/d7/4b/cbd8e699e64a6f16ca3a8220661b5f83792b3017d0f79807cb8708d33913/iniconfig-2.0.0.tar.gz"
            }
          ],
          "project_name": "iniconfig",
          "requires_dists": [],
          "requires_python": ">=3.7",
          "version": "2.0.0"
        },
        {
          "artifacts": [
            {
              "algorithm": "sha256",
              "hash": "bf9f8b0003c94f34e141553b7ec0a02876297c06955f5efea49afbc9f85303a9",
              "url": "https://files.pythonhosted.org/packages/24/54/044ecbf4eeba3f3feee70d496f34f397dc20714cdb80dfa8bc01e7409f88/libretranslatepy-2.1.1-py3-none-any.whl"
            },
            {
              "algorithm": "sha256",
              "hash": "3f28e1b990ba5f514ae215c08ace0c4e2327eeccaa356983aefbca3a25ecc568",
              "url": "https://files.pythonhosted.org/packages/ef/ec/9b31f896697e164204ac4a31c9cfc31c0fee97ca5b97829d24a9cfc7d33c/libretranslatepy-2.1.1.tar.gz"
            }
          ],
          "project_name": "libretranslatepy",
          "requires_dists": [],
          "requires_python": null,
          "version": "2.1.1"
        },
        {
          "artifacts": [
            {
              "algorithm": "sha256",
              "hash": "fe4bda6bd4340caa6e5cf95e73f8fea5c4bfc55763dd42f1b50a94c1b4a2fbd4",
              "url": "https://files.pythonhosted.org/packages/1b/ea/50d8357ed72f6c8352fe08657a9b05d672a4ab2470b9447fd73d87f0d47a/lxml-4.9.3-pp39-pypy39_pp73-manylinux_2_28_x86_64.whl"
            },
            {
              "algorithm": "sha256",
              "hash": "48628bd53a426c9eb9bc066a923acaa0878d1e86129fd5359aee99285f4eed9c",
              "url": "https://files.pythonhosted.org/packages/30/39/7305428d1c4f28282a4f5bdbef24e0f905d351f34cf351ceb131f5cddf78/lxml-4.9.3.tar.gz"
            },
            {
              "algorithm": "sha256",
              "hash": "690dafd0b187ed38583a648076865d8c229661ed20e48f2335d68e2cf7dc829d",
              "url": "https://files.pythonhosted.org/packages/35/0b/7c3b67cf80d3b826273f860c20810c791c39ce55df612c8bf4bbdfa1ec11/lxml-4.9.3-cp39-cp39-manylinux_2_5_i686.manylinux1_i686.whl"
            },
            {
              "algorithm": "sha256",
              "hash": "d27be7405547d1f958b60837dc4c1007da90b8b23f54ba1f8b728c78fdb19d50",
              "url": "https://files.pythonhosted.org/packages/39/6f/ed4327ac1370da702b7ac4047f4664fbdfb92a98b87ac779863202efc1ff/lxml-4.9.3-cp39-cp39-musllinux_1_1_x86_64.whl"
            },
            {
              "algorithm": "sha256",
              "hash": "9bb6ad405121241e99a86efff22d3ef469024ce22875a7ae045896ad23ba2340",
              "url": "https://files.pythonhosted.org/packages/50/e1/1c23a817d68418a59b39e6d2b353e211728c21353900279a04e65f6507a0/lxml-4.9.3-cp39-cp39-macosx_11_0_x86_64.whl"
            },
            {
              "algorithm": "sha256",
              "hash": "b6420a005548ad52154c8ceab4a1290ff78d757f9e5cbc68f8c77089acd3c432",
              "url": "https://files.pythonhosted.org/packages/6a/bf/a2f75c3c1e4e310e14cfe81117c8c1fca092bbb595babebd7df66b8eb5e6/lxml-4.9.3-cp39-cp39-manylinux_2_5_x86_64.manylinux1_x86_64.whl"
            },
            {
              "algorithm": "sha256",
              "hash": "8ed74706b26ad100433da4b9d807eae371efaa266ffc3e9191ea436087a9d6a7",
              "url": "https://files.pythonhosted.org/packages/6d/8f/eb30dead5cd2dd8f0a91f8bcb371688e158c8cbb4a3496e41196ea1171c0/lxml-4.9.3-cp39-cp39-manylinux_2_12_i686.manylinux2010_i686.manylinux_2_24_i686.whl"
            },
            {
              "algorithm": "sha256",
              "hash": "bb3bb49c7a6ad9d981d734ef7c7193bc349ac338776a0360cc671eaee89bcf69",
              "url": "https://files.pythonhosted.org/packages/a2/e5/78402bb7bc3e9b43c7857f9e2c60ab5b5d5d9aa35ae76b4043b12535eb18/lxml-4.9.3-cp39-cp39-musllinux_1_1_aarch64.whl"
            },
            {
              "algorithm": "sha256",
              "hash": "ed667f49b11360951e201453fc3967344d0d0263aa415e1619e85ae7fd17b4e0",
              "url": "https://files.pythonhosted.org/packages/b6/4b/8964ca1238c6952d33afdcd89771a95a7e4ac7949e543c6685a6bd7b47c2/lxml-4.9.3-pp39-pypy39_pp73-macosx_11_0_x86_64.whl"
            },
            {
              "algorithm": "sha256",
              "hash": "5515edd2a6d1a5a70bfcdee23b42ec33425e405c5b351478ab7dc9347228f96e",
              "url": "https://files.pythonhosted.org/packages/c5/a2/7876f76606725340c989b1c73b5501fc41fb21e50a8597c9ecdb63a05b27/lxml-4.9.3-cp39-cp39-manylinux_2_28_x86_64.whl"
            },
            {
              "algorithm": "sha256",
              "hash": "fbf521479bcac1e25a663df882c46a641a9bff6b56dc8b0fafaebd2f66fb231b",
              "url": "https://files.pythonhosted.org/packages/cc/b9/d822b2fc9b9406cff3ec6be03d69adb0e44fcad09608489ea4acaf2443bb/lxml-4.9.3-cp39-cp39-manylinux_2_17_x86_64.manylinux2014_x86_64.manylinux_2_24_x86_64.whl"
            },
            {
              "algorithm": "sha256",
              "hash": "303bf1edce6ced16bf67a18a1cf8339d0db79577eec5d9a6d4a80f0fb10aa2da",
              "url": "https://files.pythonhosted.org/packages/de/07/fcfc5adfb793e6181049a361b2909723c5821b2bc18a21064da4429631a8/lxml-4.9.3-cp39-cp39-manylinux_2_28_aarch64.whl"
            },
            {
              "algorithm": "sha256",
              "hash": "8b77946fd508cbf0fccd8e400a7f71d4ac0e1595812e66025bac475a8e811694",
              "url": "https://files.pythonhosted.org/packages/e4/f0/715c36f1fa3a12c0df47aef20b2ddcb09dbb346c7861628bbccf4a7cb8f4/lxml-4.9.3-pp39-pypy39_pp73-manylinux_2_12_i686.manylinux2010_i686.manylinux_2_24_i686.whl"
            },
            {
              "algorithm": "sha256",
              "hash": "e4da8ca0c0c0aea88fd46be8e44bd49716772358d648cce45fe387f7b92374a7",
              "url": "https://files.pythonhosted.org/packages/e5/47/fab85a1b473be9fc2a3b3329e0970b287123bd02367fe83ae06ca6ef5f58/lxml-4.9.3-pp39-pypy39_pp73-manylinux_2_17_x86_64.manylinux2014_x86_64.manylinux_2_24_x86_64.whl"
            }
          ],
          "project_name": "lxml",
          "requires_dists": [
            "BeautifulSoup4; extra == \"htmlsoup\"",
            "Cython>=0.29.35; extra == \"source\"",
            "cssselect>=0.7; extra == \"cssselect\"",
            "html5lib; extra == \"html5\""
          ],
          "requires_python": "!=3.0.*,!=3.1.*,!=3.2.*,!=3.3.*,!=3.4.*,>=2.7",
          "version": "4.9.3"
        },
        {
          "artifacts": [
            {
              "algorithm": "sha256",
              "hash": "a1b383fe99678d7402754fe90448d4037f9512ce70c21f8aee3b8bf48ffc51db",
              "url": "https://files.pythonhosted.org/packages/dd/c1/072c3187d19d1e5445a0230b526916e37497eefe6b060491845603fa6f95/mypy-0.942-py3-none-any.whl"
            },
            {
              "algorithm": "sha256",
              "hash": "6ce34a118d1a898f47def970a2042b8af6bdcc01546454726c7dd2171aa6dfca",
              "url": "https://files.pythonhosted.org/packages/52/67/f3bfbb3b73c8b154a7fe2c4e36c24751329a67151a014dc7b12a6e45e386/mypy-0.942-cp39-cp39-macosx_10_9_universal2.whl"
            },
            {
              "algorithm": "sha256",
              "hash": "10daab80bc40f84e3f087d896cdb53dc811a9f04eae4b3f95779c26edee89d16",
              "url": "https://files.pythonhosted.org/packages/67/13/e99a8d4f804f3db73073512f04cce0fad7d0c75cc69245f99eab9ebf67d9/mypy-0.942-cp39-cp39-macosx_10_9_x86_64.whl"
            },
            {
              "algorithm": "sha256",
              "hash": "3841b5433ff936bff2f4dc8d54cf2cdbfea5d8e88cedfac45c161368e5770ba6",
              "url": "https://files.pythonhosted.org/packages/7f/90/27f32c7c4cac281b7e0a2bdf225f0e3020dc091efcba4bc2efc32d1d5592/mypy-0.942-cp39-cp39-macosx_11_0_arm64.whl"
            },
            {
              "algorithm": "sha256",
              "hash": "6f7106cbf9cc2f403693bf50ed7c9fa5bb3dfa9007b240db3c910929abe2a322",
              "url": "https://files.pythonhosted.org/packages/84/c7/9555abe67e9d1b5300042797f5c2829de40c831e5d99a8f467e741a4816a/mypy-0.942-cp39-cp39-manylinux_2_5_x86_64.manylinux1_x86_64.manylinux_2_12_x86_64.manylinux2010_x86_64.whl"
            },
            {
              "algorithm": "sha256",
              "hash": "17e44649fec92e9f82102b48a3bf7b4a5510ad0cd22fa21a104826b5db4903e2",
              "url": "https://files.pythonhosted.org/packages/e3/7b/3fa271e904b0e8689fb0f0083a43a8bf84b9b47b8f3f5a36e0ee2c064eb4/mypy-0.942.tar.gz"
            }
          ],
          "project_name": "mypy",
          "requires_dists": [
            "lxml; extra == \"reports\"",
            "mypy-extensions>=0.4.3",
            "psutil>=4.0; extra == \"dmypy\"",
            "tomli>=1.1.0",
            "typed-ast<2,>=1.4.0; extra == \"python2\"",
            "typed-ast<2,>=1.4.0; python_version < \"3.8\"",
            "typing-extensions>=3.10"
          ],
          "requires_python": ">=3.6",
          "version": "0.942"
        },
        {
          "artifacts": [
            {
              "algorithm": "sha256",
              "hash": "4392f6c0eb8a5668a69e23d168ffa70f0be9ccfd32b5cc2d26a34ae5b844552d",
              "url": "https://files.pythonhosted.org/packages/2a/e2/5d3f6ada4297caebe1a2add3b126fe800c96f56dbe5d1988a2cbe0b267aa/mypy_extensions-1.0.0-py3-none-any.whl"
            },
            {
              "algorithm": "sha256",
              "hash": "75dbf8955dc00442a438fc4d0666508a9a97b6bd41aa2f0ffe9d2f2725af0782",
              "url": "https://files.pythonhosted.org/packages/98/a4/1ab47638b92648243faf97a5aeb6ea83059cc3624972ab6b8d2316078d3f/mypy_extensions-1.0.0.tar.gz"
            }
          ],
          "project_name": "mypy-extensions",
          "requires_dists": [],
          "requires_python": ">=3.5",
          "version": "1.0.0"
        },
        {
          "artifacts": [
            {
              "algorithm": "sha256",
              "hash": "994793af429502c4ea2ebf6bf664629d07c1a9fe974af92966e4b8d2df7edc61",
              "url": "https://files.pythonhosted.org/packages/ab/c3/57f0601a2d4fe15de7a553c00adbc901425661bf048f2a22dfc500caf121/packaging-23.1-py3-none-any.whl"
            },
            {
              "algorithm": "sha256",
              "hash": "a392980d2b6cffa644431898be54b0045151319d1e7ec34f0cfed48767dd334f",
              "url": "https://files.pythonhosted.org/packages/b9/6c/7c6658d258d7971c5eb0d9b69fa9265879ec9a9158031206d47800ae2213/packaging-23.1.tar.gz"
            }
          ],
          "project_name": "packaging",
          "requires_dists": [],
          "requires_python": ">=3.7",
          "version": "23.1"
        },
        {
          "artifacts": [
            {
              "algorithm": "sha256",
              "hash": "d89c696a773f8bd377d18e5ecda92b7a3793cbe66c87060a6fb58c7b6e1061f7",
              "url": "https://files.pythonhosted.org/packages/05/b8/42ed91898d4784546c5f06c60506400548db3f7a4b3fb441cba4e5c17952/pluggy-1.3.0-py3-none-any.whl"
            },
            {
              "algorithm": "sha256",
              "hash": "cf61ae8f126ac6f7c451172cf30e3e43d3ca77615509771b3a984a0730651e12",
              "url": "https://files.pythonhosted.org/packages/36/51/04defc761583568cae5fd533abda3d40164cbdcf22dee5b7126ffef68a40/pluggy-1.3.0.tar.gz"
            }
          ],
          "project_name": "pluggy",
          "requires_dists": [
            "pre-commit; extra == \"dev\"",
            "pytest-benchmark; extra == \"testing\"",
            "pytest; extra == \"testing\"",
            "tox; extra == \"dev\""
          ],
          "requires_python": ">=3.8",
          "version": "1.3.0"
        },
        {
          "artifacts": [
            {
              "algorithm": "sha256",
              "hash": "f6f8dc65625dadaad0c8545319c2e2f0424fede988368893ca3844261342c11a",
              "url": "https://files.pythonhosted.org/packages/fa/8a/e9c6b48b8f4651df1b1a9d46fe94a74ed99881141b4660aa855a798c7c53/protobuf-4.24.3-py3-none-any.whl"
            },
            {
              "algorithm": "sha256",
              "hash": "12e9ad2ec079b833176d2921be2cb24281fa591f0b119b208b788adc48c2561d",
              "url": "https://files.pythonhosted.org/packages/79/30/98dc7297ce8c3f0182800d2879703f0196e76d6a28e53ecaafc3901f8118/protobuf-4.24.3.tar.gz"
            },
            {
              "algorithm": "sha256",
              "hash": "ba53c2f04798a326774f0e53b9c759eaef4f6a568ea7072ec6629851c8435959",
              "url": "https://files.pythonhosted.org/packages/90/76/4303d1f01e799ed0243a55ec81fb16a731faed0d7c95eaba809f4c7f408d/protobuf-4.24.3-cp37-abi3-manylinux2014_aarch64.whl"
            },
            {
              "algorithm": "sha256",
              "hash": "f6ccbcf027761a2978c1406070c3788f6de4a4b2cc20800cc03d52df716ad675",
              "url": "https://files.pythonhosted.org/packages/bb/c3/6a06208ecf0934ecaf509b51c52a6cf688586f54ae81ac65c56124571494/protobuf-4.24.3-cp37-abi3-manylinux2014_x86_64.whl"
            },
            {
              "algorithm": "sha256",
              "hash": "6e514e8af0045be2b56e56ae1bb14f43ce7ffa0f68b1c793670ccbe2c4fc7d2b",
              "url": "https://files.pythonhosted.org/packages/fe/f3/957db80e5b9f7fd7df97e5554fdc57919dfad24e89291223fd04a0e3c84f/protobuf-4.24.3-cp37-abi3-macosx_10_9_universal2.whl"
            }
          ],
          "project_name": "protobuf",
          "requires_dists": [],
          "requires_python": ">=3.7",
          "version": "4.24.3"
        },
        {
          "artifacts": [
            {
              "algorithm": "sha256",
              "hash": "1d881c6124e08ff0a1bb75ba3ec0bfd8b5354a01c194ddd5a0a870a48d99b002",
              "url": "https://files.pythonhosted.org/packages/df/d0/e192c4275aecabf74faa1aacd75ef700091913236ec78b1a98f62a2412ee/pytest-7.4.2-py3-none-any.whl"
            },
            {
              "algorithm": "sha256",
              "hash": "a766259cfab564a2ad52cb1aae1b881a75c3eb7e34ca3779697c23ed47c47069",
              "url": "https://files.pythonhosted.org/packages/e5/d0/18209bb95db8ee693a9a04fe056ab0663c6d6b1baf67dd50819dd9cd4bd7/pytest-7.4.2.tar.gz"
            }
          ],
          "project_name": "pytest",
          "requires_dists": [
            "argcomplete; extra == \"testing\"",
            "attrs>=19.2.0; extra == \"testing\"",
            "colorama; sys_platform == \"win32\"",
            "exceptiongroup>=1.0.0rc8; python_version < \"3.11\"",
            "hypothesis>=3.56; extra == \"testing\"",
            "importlib-metadata>=0.12; python_version < \"3.8\"",
            "iniconfig",
            "mock; extra == \"testing\"",
            "nose; extra == \"testing\"",
            "packaging",
            "pluggy<2.0,>=0.12",
            "pygments>=2.7.2; extra == \"testing\"",
            "requests; extra == \"testing\"",
            "setuptools; extra == \"testing\"",
            "tomli>=1.0.0; python_version < \"3.11\"",
            "xmlschema; extra == \"testing\""
          ],
          "requires_python": ">=3.7",
          "version": "7.4.2"
        },
        {
          "artifacts": [
            {
              "algorithm": "sha256",
              "hash": "c60834861933773109334fe5a53e83d1ef4828f2203a1d6a0fa9972f4f75ab3e",
              "url": "https://files.pythonhosted.org/packages/4b/21/b65ecd6686da400e2f6e3c49c2a428325abd979c9670cd97e1671f53296e/pytest_django-4.5.2-py3-none-any.whl"
            },
            {
              "algorithm": "sha256",
              "hash": "d9076f759bb7c36939dbdd5ae6633c18edfc2902d1a69fdbefd2426b970ce6c2",
              "url": "https://files.pythonhosted.org/packages/9b/42/6d6563165b82289d4a30ea477f85c04386303e51cf4e4e4651d4f9910830/pytest-django-4.5.2.tar.gz"
            }
          ],
          "project_name": "pytest-django",
          "requires_dists": [
            "Django; extra == \"testing\"",
            "django-configurations>=2.0; extra == \"testing\"",
            "pytest>=5.4.0",
            "sphinx-rtd-theme; extra == \"docs\"",
            "sphinx; extra == \"docs\""
          ],
          "requires_python": ">=3.5",
          "version": "4.5.2"
        },
        {
          "artifacts": [
            {
              "algorithm": "sha256",
              "hash": "ce42d816b81b68506614c11e8937d3aa9e41007ceb50bfdcb0749b921bf646c7",
              "url": "https://files.pythonhosted.org/packages/32/4d/aaf7eff5deb402fd9a24a1449a8119f00d74ae9c2efa79f8ef9994261fc2/pytz-2023.3.post1-py2.py3-none-any.whl"
            },
            {
              "algorithm": "sha256",
              "hash": "7b4fddbeb94a1eba4b557da24f19fdf9db575192544270a9101d8509f9f43d7b",
              "url": "https://files.pythonhosted.org/packages/69/4f/7bf883f12ad496ecc9514cd9e267b29a68b3e9629661a2bbc24f80eff168/pytz-2023.3.post1.tar.gz"
            }
          ],
          "project_name": "pytz",
          "requires_dists": [],
          "requires_python": null,
          "version": "2023.3.post1"
        },
        {
          "artifacts": [
            {
              "algorithm": "sha256",
              "hash": "58cd2187c01e70e6e26505bca751777aa9f2ee0b7f4300988b709f44e013003f",
              "url": "https://files.pythonhosted.org/packages/70/8e/0e2d847013cb52cd35b38c009bb167a1a26b2ce6cd6965bf26b47bc0bf44/requests-2.31.0-py3-none-any.whl"
            },
            {
              "algorithm": "sha256",
              "hash": "942c5a758f98d790eaed1a29cb6eefc7ffb0d1cf7af05c3d2791656dbd6ad1e1",
              "url": "https://files.pythonhosted.org/packages/9d/be/10918a2eac4ae9f02f6cfe6414b7a155ccd8f7f9d4380d62fd5b955065c3/requests-2.31.0.tar.gz"
            }
          ],
          "project_name": "requests",
          "requires_dists": [
            "PySocks!=1.5.7,>=1.5.6; extra == \"socks\"",
            "certifi>=2017.4.17",
            "chardet<6,>=3.0.2; extra == \"use_chardet_on_py3\"",
            "charset-normalizer<4,>=2",
            "idna<4,>=2.5",
            "urllib3<3,>=1.21.1"
          ],
          "requires_python": ">=3.7",
          "version": "2.31.0"
        },
        {
          "artifacts": [
            {
              "algorithm": "sha256",
              "hash": "b454a35605876da60632df1a60f736524eb73cc47bbc9f3f1ef1b644de74fd2a",
              "url": "https://files.pythonhosted.org/packages/bb/26/7945080113158354380a12ce26873dd6c1ebd88d47f5bc24e2c5bb38c16a/setuptools-68.2.2-py3-none-any.whl"
            },
            {
              "algorithm": "sha256",
              "hash": "4ac1475276d2f1c48684874089fefcd83bd7162ddaafb81fac866ba0db282a87",
              "url": "https://files.pythonhosted.org/packages/ef/cc/93f7213b2ab5ed383f98ce8020e632ef256b406b8569606c3f160ed8e1c9/setuptools-68.2.2.tar.gz"
            }
          ],
          "project_name": "setuptools",
          "requires_dists": [
            "build[virtualenv]; extra == \"testing\"",
            "build[virtualenv]>=1.0.3; extra == \"testing-integration\"",
            "filelock>=3.4.0; extra == \"testing\"",
            "filelock>=3.4.0; extra == \"testing-integration\"",
            "flake8-2020; extra == \"testing\"",
            "furo; extra == \"docs\"",
            "ini2toml[lite]>=0.9; extra == \"testing\"",
            "jaraco.develop>=7.21; (python_version >= \"3.9\" and sys_platform != \"cygwin\") and extra == \"testing\"",
            "jaraco.envs>=2.2; extra == \"testing\"",
            "jaraco.envs>=2.2; extra == \"testing-integration\"",
            "jaraco.packaging>=9.3; extra == \"docs\"",
            "jaraco.path>=3.2.0; extra == \"testing\"",
            "jaraco.path>=3.2.0; extra == \"testing-integration\"",
            "jaraco.tidelift>=1.4; extra == \"docs\"",
            "packaging>=23.1; extra == \"testing-integration\"",
            "pip>=19.1; extra == \"testing\"",
            "pygments-github-lexers==0.0.5; extra == \"docs\"",
            "pytest-black>=0.3.7; platform_python_implementation != \"PyPy\" and extra == \"testing\"",
            "pytest-checkdocs>=2.4; extra == \"testing\"",
            "pytest-cov; platform_python_implementation != \"PyPy\" and extra == \"testing\"",
            "pytest-enabler; extra == \"testing-integration\"",
            "pytest-enabler>=2.2; extra == \"testing\"",
            "pytest-mypy>=0.9.1; platform_python_implementation != \"PyPy\" and extra == \"testing\"",
            "pytest-perf; sys_platform != \"cygwin\" and extra == \"testing\"",
            "pytest-ruff; sys_platform != \"cygwin\" and extra == \"testing\"",
            "pytest-timeout; extra == \"testing\"",
            "pytest-xdist; extra == \"testing\"",
            "pytest-xdist; extra == \"testing-integration\"",
            "pytest; extra == \"testing-integration\"",
            "pytest>=6; extra == \"testing\"",
            "rst.linker>=1.9; extra == \"docs\"",
            "sphinx-favicon; extra == \"docs\"",
            "sphinx-hoverxref<2; extra == \"docs\"",
            "sphinx-inline-tabs; extra == \"docs\"",
            "sphinx-lint; extra == \"docs\"",
            "sphinx-notfound-page<2,>=1; extra == \"docs\"",
            "sphinx-reredirects; extra == \"docs\"",
            "sphinx>=3.5; extra == \"docs\"",
            "sphinxcontrib-towncrier; extra == \"docs\"",
            "tomli-w>=1.0.0; extra == \"testing\"",
            "tomli; extra == \"testing-integration\"",
            "virtualenv>=13.0.0; extra == \"testing\"",
            "virtualenv>=13.0.0; extra == \"testing-integration\"",
            "wheel; extra == \"testing\"",
            "wheel; extra == \"testing-integration\""
          ],
          "requires_python": ">=3.8",
          "version": "68.2.2"
        },
        {
          "artifacts": [
            {
              "algorithm": "sha256",
              "hash": "5430a4fe2ac7d0f93e66f1efc6e1338a41884b7ddf2a350cedd20ccc4d9d28f3",
              "url": "https://files.pythonhosted.org/packages/98/5a/66d7c9305baa9f11857f247d4ba761402cea75db6058ff850ed7128957b7/sqlparse-0.4.4-py3-none-any.whl"
            },
            {
              "algorithm": "sha256",
              "hash": "d446183e84b8349fa3061f0fe7f06ca94ba65b426946ffebe6e3e8295332420c",
              "url": "https://files.pythonhosted.org/packages/65/16/10f170ec641ed852611b6c9441b23d10b5702ab5288371feab3d36de2574/sqlparse-0.4.4.tar.gz"
            }
          ],
          "project_name": "sqlparse",
          "requires_dists": [
            "build; extra == \"dev\"",
            "flake8; extra == \"dev\"",
            "pytest-cov; extra == \"test\"",
            "pytest; extra == \"test\"",
            "sphinx; extra == \"doc\""
          ],
          "requires_python": ">=3.5",
          "version": "0.4.4"
        },
        {
          "artifacts": [
            {
              "algorithm": "sha256",
              "hash": "939de3e7a6161af0c887ef91b7d41a53e7c5a1ca976325f429cb46ea9bc30ecc",
              "url": "https://files.pythonhosted.org/packages/97/75/10a9ebee3fd790d20926a90a2547f0bf78f371b2f13aa822c759680ca7b9/tomli-2.0.1-py3-none-any.whl"
            },
            {
              "algorithm": "sha256",
              "hash": "de526c12914f0c550d15924c62d72abc48d6fe7364aa87328337a31007fe8a4f",
              "url": "https://files.pythonhosted.org/packages/c0/3f/d7af728f075fb08564c5949a9c95e44352e23dee646869fa104a3b2060a3/tomli-2.0.1.tar.gz"
            }
          ],
          "project_name": "tomli",
          "requires_dists": [],
          "requires_python": ">=3.7",
          "version": "2.0.1"
        },
        {
          "artifacts": [
            {
              "algorithm": "sha256",
              "hash": "cebfb004989d9a2ab0d24c0c5805783c7f4e07243ea4ed2a8f1809d072bf712b",
              "url": "https://files.pythonhosted.org/packages/e1/54/df0d3e62636f291d716caa44c5c9590af8e6f225c59d7874051da6428c06/translate-3.6.1-py2.py3-none-any.whl"
            },
            {
              "algorithm": "sha256",
              "hash": "7e70ffa46f193cc744be7c88b8e1323f10f6b2bb90d24bb5d29fdf1e56618783",
              "url": "https://files.pythonhosted.org/packages/d1/9d/692066b9e26176a93ce627bf467bca48f198eb0e036337a5180d566c9561/translate-3.6.1.tar.gz"
            }
          ],
          "project_name": "translate",
          "requires_dists": [
            "click",
            "libretranslatepy==2.1.1",
            "lxml",
            "requests"
          ],
          "requires_python": null,
          "version": "3.6.1"
        },
        {
          "artifacts": [
            {
              "algorithm": "sha256",
              "hash": "1999a123a3dc0e39a2ef6d19f3f8584211de9e6a77fe7a0259f04a524e90a5cf",
              "url": "https://files.pythonhosted.org/packages/79/4f/58c28f50233612d9890cc2b068aee977ef3f7d6434ef4debf98162e34152/types_pytz-2023.3.1.1-py3-none-any.whl"
            },
            {
              "algorithm": "sha256",
              "hash": "cc23d0192cd49c8f6bba44ee0c81e4586a8f30204970fc0894d209a6b08dab9a",
              "url": "https://files.pythonhosted.org/packages/a7/33/6f8feb17652548d68f0bab14c7f810419ffc43bd30792d54a89289ac2b6f/types-pytz-2023.3.1.1.tar.gz"
            }
          ],
          "project_name": "types-pytz",
          "requires_dists": [],
          "requires_python": null,
          "version": "2023.3.1.1"
        },
        {
          "artifacts": [
            {
              "algorithm": "sha256",
              "hash": "c05bc6c158facb0676674b7f11fe3960db4f389718e19e62bd2b84d6205cfd24",
              "url": "https://files.pythonhosted.org/packages/9d/df/aabb870a04254ceb8a406b0a4222c1b14f7fdf3d2d7633ba49364aca27f3/types_PyYAML-6.0.12.12-py3-none-any.whl"
            },
            {
              "algorithm": "sha256",
              "hash": "334373d392fde0fdf95af5c3f1661885fa10c52167b14593eb856289e1855062",
              "url": "https://files.pythonhosted.org/packages/af/48/b3bbe63a129a80911b60f57929c5b243af909bc1c9590917434bca61a4a3/types-PyYAML-6.0.12.12.tar.gz"
            }
          ],
          "project_name": "types-pyyaml",
          "requires_dists": [],
          "requires_python": null,
          "version": "6.0.12.12"
        },
        {
          "artifacts": [
            {
              "algorithm": "sha256",
              "hash": "c7a9d6b62776f21b169a94a0e9d2dfcae62fa9149f53594ff791c3ae67325490",
              "url": "https://files.pythonhosted.org/packages/ce/7f/0e94566840d36a44d17921d47ff8536e0c1f129113e40cb9718564213672/types_requests-2.31.0.4-py3-none-any.whl"
            },
            {
              "algorithm": "sha256",
              "hash": "a111041148d7e04bf100c476bc4db3ee6b0a1cd0b4018777f6a660b1c4f1318d",
              "url": "https://files.pythonhosted.org/packages/df/6f/67b641d3fb005fba2306056057b49cc351bf41b11277e1ef69ce0d7798e2/types-requests-2.31.0.4.tar.gz"
            }
          ],
          "project_name": "types-requests",
          "requires_dists": [
            "types-urllib3"
          ],
          "requires_python": null,
          "version": "2.31.0.4"
        },
        {
          "artifacts": [
            {
              "algorithm": "sha256",
              "hash": "9683bbb7fb72e32bfe9d2be6e04875fbe1b3eeec3cbb4ea231435aa7fd6b4f0e",
              "url": "https://files.pythonhosted.org/packages/11/7b/3fc711b2efea5e85a7a0bbfe269ea944aa767bbba5ec52f9ee45d362ccf3/types_urllib3-1.26.25.14-py3-none-any.whl"
            },
            {
              "algorithm": "sha256",
              "hash": "229b7f577c951b8c1b92c1bc2b2fdb0b49847bd2af6d1cc2a2e3dd340f3bda8f",
              "url": "https://files.pythonhosted.org/packages/73/de/b9d7a68ad39092368fb21dd6194b362b98a1daeea5dcfef5e1adb5031c7e/types-urllib3-1.26.25.14.tar.gz"
            }
          ],
          "project_name": "types-urllib3",
          "requires_dists": [],
          "requires_python": null,
          "version": "1.26.25.14"
        },
        {
          "artifacts": [
            {
              "algorithm": "sha256",
              "hash": "8f92fc8806f9a6b641eaa5318da32b44d401efaac0f6678c9bc448ba3605faa0",
              "url": "https://files.pythonhosted.org/packages/24/21/7d397a4b7934ff4028987914ac1044d3b7d52712f30e2ac7a2ae5bc86dd0/typing_extensions-4.8.0-py3-none-any.whl"
            },
            {
              "algorithm": "sha256",
              "hash": "df8e4339e9cb77357558cbdbceca33c303714cf861d1eef15e1070055ae8b7ef",
              "url": "https://files.pythonhosted.org/packages/1f/7a/8b94bb016069caa12fc9f587b28080ac33b4fbb8ca369b98bc0a4828543e/typing_extensions-4.8.0.tar.gz"
            }
          ],
          "project_name": "typing-extensions",
          "requires_dists": [],
          "requires_python": ">=3.8",
          "version": "4.8.0"
        },
        {
          "artifacts": [
            {
              "algorithm": "sha256",
              "hash": "ef16afa8ba34a1f989db38e1dbbe0c302e4289a47856990d0682e374563ce35e",
              "url": "https://files.pythonhosted.org/packages/37/dc/399e63f5d1d96bb643404ee830657f4dfcf8503f5ba8fa3c6d465d0c57fe/urllib3-2.0.5-py3-none-any.whl"
            },
            {
              "algorithm": "sha256",
              "hash": "13abf37382ea2ce6fb744d4dad67838eec857c9f4f57009891805e0b5e123594",
              "url": "https://files.pythonhosted.org/packages/51/13/62cb4a0af89fdf72db4a0ead8026e724c7f3cbf69706d84a4eff439be853/urllib3-2.0.5.tar.gz"
            }
          ],
          "project_name": "urllib3",
          "requires_dists": [
            "brotli>=1.0.9; platform_python_implementation == \"CPython\" and extra == \"brotli\"",
            "brotlicffi>=0.8.0; platform_python_implementation != \"CPython\" and extra == \"brotli\"",
            "certifi; extra == \"secure\"",
            "cryptography>=1.9; extra == \"secure\"",
            "idna>=2.0.0; extra == \"secure\"",
            "pyopenssl>=17.1.0; extra == \"secure\"",
            "pysocks!=1.5.7,<2.0,>=1.5.6; extra == \"socks\"",
            "urllib3-secure-extra; extra == \"secure\"",
            "zstandard>=0.18.0; extra == \"zstd\""
          ],
          "requires_python": ">=3.7",
          "version": "2.0.5"
        }
      ],
      "platform_tag": null
    }
  ],
  "path_mappings": {},
  "pex_version": "2.1.134",
  "pip_version": "20.3.4-patched",
  "prefer_older_binary": false,
  "requirements": [
    "ansicolors>=1.0.2",
    "django-debug-toolbar<4,>=3.8.0",
    "django-stubs==1.10.1",
    "django<4,>=3.2.13",
    "gunicorn>=20.1.0",
    "mypy==0.942",
    "protobuf>=3.11.3",
    "pytest-django<5,>=4",
    "pytest>=6.0.1",
    "requests>=2.25.1",
    "setuptools>=42.0.0",
    "translate>=3.2.1",
    "types-requests>=2.25.1"
  ],
  "requires_python": [
    "<3.10,>=3.9"
  ],
  "resolver_version": "pip-2020-resolver",
  "style": "universal",
  "target_systems": [
    "linux",
    "mac"
  ],
  "transitive": true,
  "use_pep517": null
}
