// This lockfile was autogenerated by Pants. To regenerate, run:
//
//    pants generate-lockfiles --resolve=python-default
//
// --- BEGIN PANTS LOCKFILE METADATA: DO NOT EDIT OR REMOVE ---
// {
//   "version": 3,
//   "valid_for_interpreter_constraints": [
//     "CPython<3.10,>=3.9"
//   ],
//   "generated_with_requirements": [
//     "ansicolors>=1.0.2",
//     "django-debug-toolbar<4,>=3.8.0",
//     "django-stubs>=1.10.0",
//     "django<4,>=3.2.13",
//     "gunicorn>=20.1.0",
//     "protobuf>=3.11.3",
//     "pytest>=6.0.1",
//     "requests>=2.25.1",
//     "setuptools>=42.0.0",
//     "translate>=3.2.1",
//     "types-requests>=2.25.1"
//   ],
//   "manylinux": "manylinux2014",
//   "requirement_constraints": [],
//   "only_binary": [],
//   "no_binary": []
// }
// --- END PANTS LOCKFILE METADATA ---

{
  "allow_builds": true,
  "allow_prereleases": false,
  "allow_wheels": true,
  "build_isolation": true,
  "constraints": [],
  "locked_resolves": [
    {
      "locked_requirements": [
        {
          "artifacts": [
            {
              "algorithm": "sha256",
              "hash": "00d2dde5a675579325902536738dd27e4fac1fd68f773fe36c21044eb559e187",
              "url": "https://files.pythonhosted.org/packages/53/18/a56e2fe47b259bb52201093a3a9d4a32014f9d85071ad07e9d60600890ca/ansicolors-1.1.8-py2.py3-none-any.whl"
            },
            {
              "algorithm": "sha256",
              "hash": "99f94f5e3348a0bcd43c82e5fc4414013ccc19d70bd939ad71e0133ce9c372e0",
              "url": "https://files.pythonhosted.org/packages/76/31/7faed52088732704523c259e24c26ce6f2f33fbeff2ff59274560c27628e/ansicolors-1.1.8.zip"
            }
          ],
          "project_name": "ansicolors",
          "requires_dists": [],
          "requires_python": null,
          "version": "1.1.8"
        },
        {
          "artifacts": [
            {
              "algorithm": "sha256",
              "hash": "71e68008da809b957b7ee4b43dbccff33d1b23519fb8344e33f049897077afac",
              "url": "https://files.pythonhosted.org/packages/8f/29/38d10a47b322a77b2d12c2b79c789f52956f733cb701d4d5157c76b5f238/asgiref-3.6.0-py3-none-any.whl"
            },
            {
              "algorithm": "sha256",
              "hash": "9567dfe7bd8d3c8c892227827c41cce860b368104c3431da67a0c5a65a949506",
              "url": "https://files.pythonhosted.org/packages/78/2d/797c0537426266d6c9377a2ed6a4ac61e50c2d5b1ab4da101a4b9bfe26e2/asgiref-3.6.0.tar.gz"
            }
          ],
          "project_name": "asgiref",
          "requires_dists": [
            "mypy>=0.800; extra == \"tests\"",
            "pytest-asyncio; extra == \"tests\"",
            "pytest; extra == \"tests\"",
            "typing-extensions; python_version < \"3.8\""
          ],
          "requires_python": ">=3.7",
          "version": "3.6"
        },
        {
          "artifacts": [
            {
              "algorithm": "sha256",
              "hash": "29e95c7f6778868dbd49170f98f8818f78f3dc5e0e37c0b1f474e3561b240836",
              "url": "https://files.pythonhosted.org/packages/fb/6e/6f83bf616d2becdf333a1640f1d463fef3150e2e926b7010cb0f81c95e88/attrs-22.2.0-py3-none-any.whl"
            },
            {
              "algorithm": "sha256",
              "hash": "c9227bfc2f01993c03f68db37d1d15c9690188323c067c641f1a35ca58185f99",
              "url": "https://files.pythonhosted.org/packages/21/31/3f468da74c7de4fcf9b25591e682856389b3400b4b62f201e65f15ea3e07/attrs-22.2.0.tar.gz"
            }
          ],
          "project_name": "attrs",
          "requires_dists": [
            "attrs[docs,tests]; extra == \"dev\"",
            "attrs[tests-no-zope]; extra == \"tests\"",
            "attrs[tests]; extra == \"cov\"",
            "cloudpickle; platform_python_implementation == \"CPython\" and extra == \"tests-no-zope\"",
            "cloudpickle; platform_python_implementation == \"CPython\" and extra == \"tests_no_zope\"",
            "coverage-enable-subprocess; extra == \"cov\"",
            "coverage[toml]>=5.3; extra == \"cov\"",
            "furo; extra == \"docs\"",
            "hypothesis; extra == \"tests-no-zope\"",
            "hypothesis; extra == \"tests_no_zope\"",
            "mypy<0.990,>=0.971; platform_python_implementation == \"CPython\" and extra == \"tests-no-zope\"",
            "mypy<0.990,>=0.971; platform_python_implementation == \"CPython\" and extra == \"tests_no_zope\"",
            "myst-parser; extra == \"docs\"",
            "pympler; extra == \"tests-no-zope\"",
            "pympler; extra == \"tests_no_zope\"",
            "pytest-mypy-plugins; (platform_python_implementation == \"CPython\" and python_version < \"3.11\") and extra == \"tests-no-zope\"",
            "pytest-mypy-plugins; (platform_python_implementation == \"CPython\" and python_version < \"3.11\") and extra == \"tests_no_zope\"",
            "pytest-xdist[psutil]; extra == \"tests-no-zope\"",
            "pytest-xdist[psutil]; extra == \"tests_no_zope\"",
            "pytest>=4.3.0; extra == \"tests-no-zope\"",
            "pytest>=4.3.0; extra == \"tests_no_zope\"",
            "sphinx-notfound-page; extra == \"docs\"",
            "sphinx; extra == \"docs\"",
            "sphinxcontrib-towncrier; extra == \"docs\"",
            "towncrier; extra == \"docs\"",
            "zope.interface; extra == \"docs\"",
            "zope.interface; extra == \"tests\""
          ],
          "requires_python": ">=3.6",
          "version": "22.2"
        },
        {
          "artifacts": [
            {
              "algorithm": "sha256",
              "hash": "4ad3232f5e926d6718ec31cfc1fcadfde020920e278684144551c91769c7bc18",
              "url": "https://files.pythonhosted.org/packages/71/4c/3db2b8021bd6f2f0ceb0e088d6b2d49147671f25832fb17970e9b583d742/certifi-2022.12.7-py3-none-any.whl"
            },
            {
              "algorithm": "sha256",
              "hash": "35824b4c3a97115964b408844d64aa14db1cc518f6562e8d7261699d1350a9e3",
              "url": "https://files.pythonhosted.org/packages/37/f7/2b1b0ec44fdc30a3d31dfebe52226be9ddc40cd6c0f34ffc8923ba423b69/certifi-2022.12.7.tar.gz"
            }
          ],
          "project_name": "certifi",
          "requires_dists": [],
          "requires_python": ">=3.6",
          "version": "2022.12.7"
        },
        {
          "artifacts": [
            {
              "algorithm": "sha256",
              "hash": "83e9a75d1911279afd89352c68b45348559d1fc0506b054b346651b5e7fee29f",
              "url": "https://files.pythonhosted.org/packages/db/51/a507c856293ab05cdc1db77ff4bc1268ddd39f29e7dc4919aa497f0adbec/charset_normalizer-2.1.1-py3-none-any.whl"
            },
            {
              "algorithm": "sha256",
              "hash": "5a3d016c7c547f69d6f81fb0db9449ce888b418b5b9952cc5e6e66843e9dd845",
              "url": "https://files.pythonhosted.org/packages/a1/34/44964211e5410b051e4b8d2869c470ae8a68ae274953b1c7de6d98bbcf94/charset-normalizer-2.1.1.tar.gz"
            }
          ],
          "project_name": "charset-normalizer",
          "requires_dists": [
            "unicodedata2; extra == \"unicode_backport\""
          ],
          "requires_python": ">=3.6.0",
          "version": "2.1.1"
        },
        {
          "artifacts": [
            {
              "algorithm": "sha256",
              "hash": "bb4d8133cb15a609f44e8213d9b391b0809795062913b383c62be0ee95b1db48",
              "url": "https://files.pythonhosted.org/packages/c2/f1/df59e28c642d583f7dacffb1e0965d0e00b218e0186d7858ac5233dce840/click-8.1.3-py3-none-any.whl"
            },
            {
              "algorithm": "sha256",
              "hash": "7682dc8afb30297001674575ea00d1814d808d6a36af415a82bd481d37ba7b8e",
              "url": "https://files.pythonhosted.org/packages/59/87/84326af34517fca8c58418d148f2403df25303e02736832403587318e9e8/click-8.1.3.tar.gz"
            }
          ],
          "project_name": "click",
          "requires_dists": [
            "colorama; platform_system == \"Windows\"",
            "importlib-metadata; python_version < \"3.8\""
          ],
          "requires_python": ">=3.7",
          "version": "8.1.3"
        },
        {
          "artifacts": [
            {
              "algorithm": "sha256",
              "hash": "18ba8efa36b69cfcd4b670d0fa187c6fe7506596f0ababe580e16909bcdec121",
              "url": "https://files.pythonhosted.org/packages/8a/c4/f946a6b02fcbba84e56074f2fc36866433b009bea2528b09fe0bac4fe1aa/Django-3.2.16-py3-none-any.whl"
            },
            {
              "algorithm": "sha256",
              "hash": "3adc285124244724a394fa9b9839cc8cd116faf7d159554c43ecdaa8cdf0b94d",
              "url": "https://files.pythonhosted.org/packages/f1/d7/8ddb9d8fbbffd33329cf6dfc33e8367a8969c05cf91bc63138ca116301ba/Django-3.2.16.tar.gz"
            }
          ],
          "project_name": "django",
          "requires_dists": [
            "argon2-cffi>=19.1.0; extra == \"argon2\"",
            "asgiref<4,>=3.3.2",
            "bcrypt; extra == \"bcrypt\"",
            "pytz",
            "sqlparse>=0.2.2"
          ],
          "requires_python": ">=3.6",
          "version": "3.2.16"
        },
        {
          "artifacts": [
            {
              "algorithm": "sha256",
              "hash": "879f8a4672d41621c06a4d322dcffa630fc4df056cada6e417ed01db0e5e0478",
              "url": "https://files.pythonhosted.org/packages/c7/c3/fd81e84ce86904019112428c690a06ab19c66742c917a898dcf9da6ae166/django_debug_toolbar-3.8.1-py3-none-any.whl"
            },
            {
              "algorithm": "sha256",
              "hash": "24ef1a7d44d25e60d7951e378454c6509bf536dce7e7d9d36e7c387db499bc27",
              "url": "https://files.pythonhosted.org/packages/80/53/1d1e3bbef3c6f5820f838a6a6a8e795a3c86323f9dbf2f8a89de78477972/django_debug_toolbar-3.8.1.tar.gz"
            }
          ],
          "project_name": "django-debug-toolbar",
          "requires_dists": [
            "django>=3.2.4",
            "sqlparse>=0.2"
          ],
          "requires_python": ">=3.7",
          "version": "3.8.1"
        },
        {
          "artifacts": [
            {
              "algorithm": "sha256",
              "hash": "fbf2ee6a4bce76c3eb5f6707ccadb4cf1c2f1ec485e8c44701ca8de2d0a5df18",
              "url": "https://files.pythonhosted.org/packages/6a/49/c2c2821ced316be57709f22e512da53a33b08c93192e36a99a36e7ea666c/django_stubs-1.13.1-py3-none-any.whl"
            },
            {
              "algorithm": "sha256",
              "hash": "bcc618ba353dabc540d982b9dac1d5a1921652f8fc2a13653d545a57d5e3cc0f",
              "url": "https://files.pythonhosted.org/packages/ec/48/ac14abeda156de5d4d9469667e268430f52533779a227458976006217ac9/django-stubs-1.13.1.tar.gz"
            }
          ],
          "project_name": "django-stubs",
          "requires_dists": [
            "django",
            "django-stubs-ext>=0.7.0",
            "mypy<0.990,>=0.980; extra == \"compatible-mypy\"",
            "mypy>=0.980",
            "tomli",
            "types-PyYAML",
            "types-pytz",
            "typing-extensions"
          ],
          "requires_python": ">=3.7",
          "version": "1.13.1"
        },
        {
          "artifacts": [
            {
              "algorithm": "sha256",
              "hash": "d729fbc7fe8970a7e26b35956c35b48502516f011d523c0577bdfb02ed956284",
              "url": "https://files.pythonhosted.org/packages/17/9c/3a555dc7ca83c9fa7598d907adf9856f0f767b8f5a5d1036a3d5316e17b9/django_stubs_ext-0.7.0-py3-none-any.whl"
            },
            {
              "algorithm": "sha256",
              "hash": "4fd8cdbc68d1a421f21bb7e0d9e76d50f6a4b504d350ba786405daf536e90c21",
              "url": "https://files.pythonhosted.org/packages/8f/66/3c1f1116884bab44deba0c6d7fe1ddbba4cfcb6273cc1f5c94d459e120ea/django-stubs-ext-0.7.0.tar.gz"
            }
          ],
          "project_name": "django-stubs-ext",
          "requires_dists": [
            "django",
            "typing-extensions"
          ],
          "requires_python": ">=3.7",
          "version": "0.7"
        },
        {
          "artifacts": [
            {
              "algorithm": "sha256",
              "hash": "327cbda3da756e2de031a3107b81ab7b3770a602c4d16ca618298c526f4bec1e",
              "url": "https://files.pythonhosted.org/packages/e8/14/9c6a7e5f12294ccd6975a45e02899ed25468cd7c2c86f3d9725f387f9f5f/exceptiongroup-1.1.0-py3-none-any.whl"
            },
            {
              "algorithm": "sha256",
              "hash": "bcb67d800a4497e1b404c2dd44fca47d3b7a5e5433dbab67f96c1a685cdfdf23",
              "url": "https://files.pythonhosted.org/packages/15/ab/dd27fb742b19a9d020338deb9ab9a28796524081bca880ac33c172c9a8f6/exceptiongroup-1.1.0.tar.gz"
            }
          ],
          "project_name": "exceptiongroup",
          "requires_dists": [
            "pytest>=6; extra == \"test\""
          ],
          "requires_python": ">=3.7",
          "version": "1.1"
        },
        {
          "artifacts": [
            {
              "algorithm": "sha256",
              "hash": "9dcc4547dbb1cb284accfb15ab5667a0e5d1881cc443e0677b4882a4067a807e",
              "url": "https://files.pythonhosted.org/packages/e4/dd/5b190393e6066286773a67dfcc2f9492058e9b57c4867a95f1ba5caf0a83/gunicorn-20.1.0-py3-none-any.whl"
            },
            {
              "algorithm": "sha256",
              "hash": "e0a968b5ba15f8a328fdfd7ab1fcb5af4470c28aaf7e55df02a99bc13138e6e8",
              "url": "https://files.pythonhosted.org/packages/28/5b/0d1f0296485a6af03366604142ea8f19f0833894db3512a40ed07b2a56dd/gunicorn-20.1.0.tar.gz"
            }
          ],
          "project_name": "gunicorn",
          "requires_dists": [
            "eventlet>=0.24.1; extra == \"eventlet\"",
            "gevent>=1.4.0; extra == \"gevent\"",
            "setproctitle; extra == \"setproctitle\"",
            "setuptools>=3.0",
            "tornado>=0.2; extra == \"tornado\""
          ],
          "requires_python": ">=3.5",
          "version": "20.1"
        },
        {
          "artifacts": [
            {
              "algorithm": "sha256",
              "hash": "90b77e79eaa3eba6de819a0c442c0b4ceefc341a7a2ab77d7562bf49f425c5c2",
              "url": "https://files.pythonhosted.org/packages/fc/34/3030de6f1370931b9dbb4dad48f6ab1015ab1d32447850b9fc94e60097be/idna-3.4-py3-none-any.whl"
            },
            {
              "algorithm": "sha256",
              "hash": "814f528e8dead7d329833b91c5faa87d60bf71824cd12a7530b5526063d02cb4",
              "url": "https://files.pythonhosted.org/packages/8b/e1/43beb3d38dba6cb420cefa297822eac205a277ab43e5ba5d5c46faf96438/idna-3.4.tar.gz"
            }
          ],
          "project_name": "idna",
          "requires_dists": [],
          "requires_python": ">=3.5",
          "version": "3.4"
        },
        {
          "artifacts": [
            {
              "algorithm": "sha256",
              "hash": "011e24c64b7f47f6ebd835bb12a743f2fbe9a26d4cecaa7f53bc4f35ee9da8b3",
              "url": "https://files.pythonhosted.org/packages/9b/dd/b3c12c6d707058fa947864b67f0c4e0c39ef8610988d7baea9578f3c48f3/iniconfig-1.1.1-py2.py3-none-any.whl"
            },
            {
              "algorithm": "sha256",
              "hash": "bc3af051d7d14b2ee5ef9969666def0cd1a000e121eaea580d4a313df4b37f32",
              "url": "https://files.pythonhosted.org/packages/23/a2/97899f6bd0e873fed3a7e67ae8d3a08b21799430fb4da15cfedf10d6e2c2/iniconfig-1.1.1.tar.gz"
            }
          ],
          "project_name": "iniconfig",
          "requires_dists": [],
          "requires_python": null,
          "version": "1.1.1"
        },
        {
          "artifacts": [
            {
              "algorithm": "sha256",
              "hash": "bf9f8b0003c94f34e141553b7ec0a02876297c06955f5efea49afbc9f85303a9",
              "url": "https://files.pythonhosted.org/packages/24/54/044ecbf4eeba3f3feee70d496f34f397dc20714cdb80dfa8bc01e7409f88/libretranslatepy-2.1.1-py3-none-any.whl"
            },
            {
              "algorithm": "sha256",
              "hash": "3f28e1b990ba5f514ae215c08ace0c4e2327eeccaa356983aefbca3a25ecc568",
              "url": "https://files.pythonhosted.org/packages/ef/ec/9b31f896697e164204ac4a31c9cfc31c0fee97ca5b97829d24a9cfc7d33c/libretranslatepy-2.1.1.tar.gz"
            }
          ],
          "project_name": "libretranslatepy",
          "requires_dists": [],
          "requires_python": null,
          "version": "2.1.1"
        },
        {
          "artifacts": [
            {
              "algorithm": "sha256",
              "hash": "01d36c05f4afb8f7c20fd9ed5badca32a2029b93b1750f571ccc0b142531caf7",
              "url": "https://files.pythonhosted.org/packages/5f/50/c53d63ca4feac0040f1cfab26217b5bdbcdb195cdc3461bd7030709bca59/lxml-4.9.2-pp39-pypy39_pp73-manylinux_2_17_x86_64.manylinux2014_x86_64.manylinux_2_24_x86_64.whl"
            },
            {
              "algorithm": "sha256",
              "hash": "2455cfaeb7ac70338b3257f41e21f0724f4b5b0c0e7702da67ee6c3640835b67",
              "url": "https://files.pythonhosted.org/packages/06/5a/e11cad7b79f2cf3dd2ff8f81fa8ca667e7591d3d8451768589996b65dec1/lxml-4.9.2.tar.gz"
            },
            {
              "algorithm": "sha256",
              "hash": "b23e19989c355ca854276178a0463951a653309fb8e57ce674497f2d9f208746",
              "url": "https://files.pythonhosted.org/packages/1a/05/3d577c89508572e151fb450d475c6953c07e57bc87c7c1093f0a07689bee/lxml-4.9.2-pp39-pypy39_pp73-manylinux_2_12_i686.manylinux2010_i686.manylinux_2_24_i686.whl"
            },
            {
              "algorithm": "sha256",
              "hash": "5f50a1c177e2fa3ee0667a5ab79fdc6b23086bc8b589d90b93b4bd17eb0e64d1",
              "url": "https://files.pythonhosted.org/packages/29/64/a12d2f9e2c547801563c726ea03321417dad1195ad68857ce757cca96f52/lxml-4.9.2-cp39-cp39-macosx_10_15_x86_64.whl"
            },
            {
              "algorithm": "sha256",
              "hash": "ca34efc80a29351897e18888c71c6aca4a359247c87e0b1c7ada14f0ab0c0fb2",
              "url": "https://files.pythonhosted.org/packages/29/9e/22767c3d192f73a0465dcb3c9fa9ac2c0ca44ff92f29329488718e14d1b3/lxml-4.9.2-cp39-cp39-musllinux_1_1_x86_64.whl"
            },
            {
              "algorithm": "sha256",
              "hash": "63da2ccc0857c311d764e7d3d90f429c252e83b52d1f8f1d1fe55be26827d1f4",
              "url": "https://files.pythonhosted.org/packages/41/6e/50e5df3cdf4fce28c71ff028560fab5f739150697ba9d1fc76546e282d51/lxml-4.9.2-cp39-cp39-manylinux_2_17_aarch64.manylinux2014_aarch64.manylinux_2_24_aarch64.whl"
            },
            {
              "algorithm": "sha256",
              "hash": "2e430cd2824f05f2d4f687701144556646bae8f249fd60aa1e4c768ba7018947",
              "url": "https://files.pythonhosted.org/packages/60/15/23b52d805ce834c657d7b4d52a399e47d43bbf3ab7dcc50357e41f13cd3d/lxml-4.9.2-cp39-cp39-manylinux_2_5_i686.manylinux1_i686.whl"
            },
            {
              "algorithm": "sha256",
              "hash": "090c6543d3696cbe15b4ac6e175e576bcc3f1ccfbba970061b7300b0c15a2140",
              "url": "https://files.pythonhosted.org/packages/64/79/cc63b632c8dab0e9b0884da1fdb1cfa012f93b1ed50dcf334a65022d982f/lxml-4.9.2-cp39-cp39-manylinux_2_12_i686.manylinux2010_i686.manylinux_2_24_i686.whl"
            },
            {
              "algorithm": "sha256",
              "hash": "a6e441a86553c310258aca15d1c05903aaf4965b23f3bc2d55f200804e005ee5",
              "url": "https://files.pythonhosted.org/packages/6a/ce/b57517af12ba9c4e850f44fe51f35f3c9911007361d6e8b725e9193264a3/lxml-4.9.2-cp39-cp39-musllinux_1_1_aarch64.whl"
            },
            {
              "algorithm": "sha256",
              "hash": "6804daeb7ef69e7b36f76caddb85cccd63d0c56dedb47555d2fc969e2af6a1a5",
              "url": "https://files.pythonhosted.org/packages/6e/2c/3db7353011aff7f979be467ec1b9c72752e86e46f5b0fe1c3e1763f63a1f/lxml-4.9.2-cp39-cp39-manylinux_2_5_x86_64.manylinux1_x86_64.whl"
            },
            {
              "algorithm": "sha256",
              "hash": "5b4545b8a40478183ac06c073e81a5ce4cf01bf1734962577cf2bb569a5b3bbf",
              "url": "https://files.pythonhosted.org/packages/95/79/450c6284d26f7f2abd1ec3506f494b6d848eed3ff7233be60220fef70c85/lxml-4.9.2-cp39-cp39-manylinux_2_17_x86_64.manylinux2014_x86_64.manylinux_2_24_x86_64.whl"
            },
            {
              "algorithm": "sha256",
              "hash": "7e91ee82f4199af8c43d8158024cbdff3d931df350252288f0d4ce656df7f3b5",
              "url": "https://files.pythonhosted.org/packages/b0/4b/2f1c7dfbba9199cd2dc894e7aea3e0a0c380703f1a4631e9ade0de34a7bb/lxml-4.9.2-pp39-pypy39_pp73-macosx_10_15_x86_64.whl"
            }
          ],
          "project_name": "lxml",
          "requires_dists": [
            "BeautifulSoup4; extra == \"htmlsoup\"",
            "Cython>=0.29.7; extra == \"source\"",
            "cssselect>=0.7; extra == \"cssselect\"",
            "html5lib; extra == \"html5\""
          ],
          "requires_python": "!=3.0.*,!=3.1.*,!=3.2.*,!=3.3.*,!=3.4.*,>=2.7",
          "version": "4.9.2"
        },
        {
          "artifacts": [
            {
              "algorithm": "sha256",
              "hash": "de32edc9b0a7e67c2775e574cb061a537660e51210fbf6006b0b36ea695ae9bb",
              "url": "https://files.pythonhosted.org/packages/e7/a1/c503a15ad69ff133a76c159b8287f0eadc1f521d9796bf81f935886c98f6/mypy-0.991-py3-none-any.whl"
            },
            {
              "algorithm": "sha256",
              "hash": "3c0165ba8f354a6d9881809ef29f1a9318a236a6d81c690094c5df32107bde06",
              "url": "https://files.pythonhosted.org/packages/0e/5c/fbe112ca73d4c6a9e65336f48099c60800514d8949b4129c093a84a28dc8/mypy-0.991.tar.gz"
            },
            {
              "algorithm": "sha256",
              "hash": "6d7464bac72a85cb3491c7e92b5b62f3dcccb8af26826257760a552a5e244aa5",
              "url": "https://files.pythonhosted.org/packages/6b/22/5e19d1a6f8e029296e7b2fa462d8753fb4365126684c2f840dcb1447e6e8/mypy-0.991-cp39-cp39-macosx_10_9_x86_64.whl"
            },
            {
              "algorithm": "sha256",
              "hash": "c9166b3f81a10cdf9b49f2d594b21b31adadb3d5e9db9b834866c3258b695be3",
              "url": "https://files.pythonhosted.org/packages/91/27/716b1cfce990cb58dc92f6601852141bc25e1524c06b3f3a39b0de6d9210/mypy-0.991-cp39-cp39-macosx_11_0_arm64.whl"
            },
            {
              "algorithm": "sha256",
              "hash": "5e80e758243b97b618cdf22004beb09e8a2de1af481382e4d84bc52152d1c476",
              "url": "https://files.pythonhosted.org/packages/ac/a6/e4d6dca539c637735d0d93f1eee3ac35cedfd9c047da7386b3a59e93f35b/mypy-0.991-cp39-cp39-musllinux_1_1_x86_64.whl"
            },
            {
              "algorithm": "sha256",
              "hash": "98e781cd35c0acf33eb0295e8b9c55cdbef64fcb35f6d3aa2186f289bed6e80d",
              "url": "https://files.pythonhosted.org/packages/bc/b2/6e71e47b259992dcd99d257ce452c0de3f711be713d048fe8f0fda9a9996/mypy-0.991-cp39-cp39-macosx_10_9_universal2.whl"
            },
            {
              "algorithm": "sha256",
              "hash": "b8472f736a5bfb159a5e36740847808f6f5b659960115ff29c7cecec1741c648",
              "url": "https://files.pythonhosted.org/packages/e9/7e/cc2de45afb46fee694bf285f91df3e227a3b0c671f775524814549c26556/mypy-0.991-cp39-cp39-manylinux_2_17_x86_64.manylinux2014_x86_64.whl"
            }
          ],
          "project_name": "mypy",
          "requires_dists": [
            "lxml; extra == \"reports\"",
            "mypy-extensions>=0.4.3",
            "pip; extra == \"install-types\"",
            "psutil>=4.0; extra == \"dmypy\"",
            "tomli>=1.1.0; python_version < \"3.11\"",
            "typed-ast<2,>=1.4.0; extra == \"python2\"",
            "typed-ast<2,>=1.4.0; python_version < \"3.8\"",
            "typing-extensions>=3.10"
          ],
          "requires_python": ">=3.7",
          "version": "0.991"
        },
        {
          "artifacts": [
            {
              "algorithm": "sha256",
              "hash": "090fedd75945a69ae91ce1303b5824f428daf5a028d2f6ab8a299250a846f15d",
              "url": "https://files.pythonhosted.org/packages/5c/eb/975c7c080f3223a5cdaff09612f3a5221e4ba534f7039db34c35d95fa6a5/mypy_extensions-0.4.3-py2.py3-none-any.whl"
            },
            {
              "algorithm": "sha256",
              "hash": "2d82818f5bb3e369420cb3c4060a7970edba416647068eb4c5343488a6c604a8",
              "url": "https://files.pythonhosted.org/packages/63/60/0582ce2eaced55f65a4406fc97beba256de4b7a95a0034c6576458c6519f/mypy_extensions-0.4.3.tar.gz"
            }
          ],
          "project_name": "mypy-extensions",
          "requires_dists": [
            "typing>=3.5.3; python_version < \"3.5\""
          ],
          "requires_python": null,
          "version": "0.4.3"
        },
        {
          "artifacts": [
            {
              "algorithm": "sha256",
              "hash": "957e2148ba0e1a3b282772e791ef1d8083648bc131c8ab0c1feba110ce1146c3",
              "url": "https://files.pythonhosted.org/packages/8f/7b/42582927d281d7cb035609cd3a543ffac89b74f3f4ee8e1c50914bcb57eb/packaging-22.0-py3-none-any.whl"
            },
            {
              "algorithm": "sha256",
              "hash": "2198ec20bd4c017b8f9717e00f0c8714076fc2fd93816750ab48e2c41de2cfd3",
              "url": "https://files.pythonhosted.org/packages/6b/f7/c240d7654ddd2d2f3f328d8468d4f1f876865f6b9038b146bec0a6737c65/packaging-22.0.tar.gz"
            }
          ],
          "project_name": "packaging",
          "requires_dists": [],
          "requires_python": ">=3.7",
          "version": "22"
        },
        {
          "artifacts": [
            {
              "algorithm": "sha256",
              "hash": "74134bbf457f031a36d68416e1509f34bd5ccc019f0bcc952c7b909d06b37bd3",
              "url": "https://files.pythonhosted.org/packages/9e/01/f38e2ff29715251cf25532b9082a1589ab7e4f571ced434f98d0139336dc/pluggy-1.0.0-py2.py3-none-any.whl"
            },
            {
              "algorithm": "sha256",
              "hash": "4224373bacce55f955a878bf9cfa763c1e360858e330072059e10bad68531159",
              "url": "https://files.pythonhosted.org/packages/a1/16/db2d7de3474b6e37cbb9c008965ee63835bba517e22cdb8c35b5116b5ce1/pluggy-1.0.0.tar.gz"
            }
          ],
          "project_name": "pluggy",
          "requires_dists": [
            "importlib-metadata>=0.12; python_version < \"3.8\"",
            "pre-commit; extra == \"dev\"",
            "pytest-benchmark; extra == \"testing\"",
            "pytest; extra == \"testing\"",
            "tox; extra == \"dev\""
          ],
          "requires_python": ">=3.6",
          "version": "1"
        },
        {
          "artifacts": [
            {
              "algorithm": "sha256",
              "hash": "b98d0148f84e3a3c569e19f52103ca1feacdac0d2df8d6533cf983d1fda28462",
              "url": "https://files.pythonhosted.org/packages/d4/9f/5cb64224bdd4695f5b024a05a4bea31af1d8e3127d45a74161631fe8180e/protobuf-4.21.12-py3-none-any.whl"
            },
            {
              "algorithm": "sha256",
              "hash": "299ea899484ee6f44604deb71f424234f654606b983cb496ea2a53e3c63ab791",
              "url": "https://files.pythonhosted.org/packages/05/b6/6e9b82445e3561132a871e38f5601b12749beb5305eaa085d7f0c59728c9/protobuf-4.21.12-cp37-abi3-macosx_10_9_universal2.whl"
            },
            {
              "algorithm": "sha256",
              "hash": "d1736130bce8cf131ac7957fa26880ca19227d4ad68b4888b3be0dea1f95df97",
              "url": "https://files.pythonhosted.org/packages/76/74/28f42d3e6b0c7bffaa04348a631de7a22c3d81d1564753301d058c80fff5/protobuf-4.21.12-cp37-abi3-manylinux2014_aarch64.whl"
            },
            {
              "algorithm": "sha256",
              "hash": "7cd532c4566d0e6feafecc1059d04c7915aec8e182d1cf7adee8b24ef1e2e6ab",
              "url": "https://files.pythonhosted.org/packages/ba/dd/f8a01b146bf45ac12a829bbc599e6590aa6a6849ace7d28c42d77041d6ab/protobuf-4.21.12.tar.gz"
            },
            {
              "algorithm": "sha256",
              "hash": "a53fd3f03e578553623272dc46ac2f189de23862e68565e83dde203d41b76fc5",
              "url": "https://files.pythonhosted.org/packages/c6/3b/33f3bd47dbfdd17ed87024b6473b26ee3a8c3303f019e91557b2654703a4/protobuf-4.21.12-py2.py3-none-any.whl"
            },
            {
              "algorithm": "sha256",
              "hash": "78a28c9fa223998472886c77042e9b9afb6fe4242bd2a2a5aced88e3f4422aa7",
              "url": "https://files.pythonhosted.org/packages/e7/a2/3273c05fc5d959fa90de6453ebd6d45c6d4fab3ec212d631625ea5780921/protobuf-4.21.12-cp37-abi3-manylinux2014_x86_64.whl"
            }
          ],
          "project_name": "protobuf",
          "requires_dists": [],
          "requires_python": ">=3.7",
          "version": "4.21.12"
        },
        {
          "artifacts": [
            {
              "algorithm": "sha256",
              "hash": "892f933d339f068883b6fd5a459f03d85bfcb355e4981e146d2c7616c21fef71",
              "url": "https://files.pythonhosted.org/packages/67/68/a5eb36c3a8540594b6035e6cdae40c1ef1b6a2bfacbecc3d1a544583c078/pytest-7.2.0-py3-none-any.whl"
            },
            {
              "algorithm": "sha256",
              "hash": "c4014eb40e10f11f355ad4e3c2fb2c6c6d1919c73f3b5a433de4708202cade59",
              "url": "https://files.pythonhosted.org/packages/0b/21/055f39bf8861580b43f845f9e8270c7786fe629b2f8562ff09007132e2e7/pytest-7.2.0.tar.gz"
            }
          ],
          "project_name": "pytest",
          "requires_dists": [
            "argcomplete; extra == \"testing\"",
            "attrs>=19.2.0",
            "colorama; sys_platform == \"win32\"",
            "exceptiongroup>=1.0.0rc8; python_version < \"3.11\"",
            "hypothesis>=3.56; extra == \"testing\"",
            "importlib-metadata>=0.12; python_version < \"3.8\"",
            "iniconfig",
            "mock; extra == \"testing\"",
            "nose; extra == \"testing\"",
            "packaging",
            "pluggy<2.0,>=0.12",
            "pygments>=2.7.2; extra == \"testing\"",
            "requests; extra == \"testing\"",
            "tomli>=1.0.0; python_version < \"3.11\"",
            "xmlschema; extra == \"testing\""
          ],
          "requires_python": ">=3.7",
          "version": "7.2"
        },
        {
          "artifacts": [
            {
              "algorithm": "sha256",
              "hash": "93007def75ae22f7cd991c84e02d434876818661f8df9ad5df9e950ff4e52cfd",
              "url": "https://files.pythonhosted.org/packages/3d/19/4de17f0d5cf5a0d87aa67532d4c2fa75e6e7d8df13c27635ff40fa6f4b76/pytz-2022.7-py2.py3-none-any.whl"
            },
            {
              "algorithm": "sha256",
              "hash": "7ccfae7b4b2c067464a6733c6261673fdb8fd1be905460396b97a073e9fa683a",
              "url": "https://files.pythonhosted.org/packages/6d/37/54f2d7c147e42dc85ffbc6910862bb4f141fb3fc14d9a88efaa1a76c7df2/pytz-2022.7.tar.gz"
            }
          ],
          "project_name": "pytz",
          "requires_dists": [],
          "requires_python": null,
          "version": "2022.7"
        },
        {
          "artifacts": [
            {
              "algorithm": "sha256",
              "hash": "8fefa2a1a1365bf5520aac41836fbee479da67864514bdb821f31ce07ce65349",
              "url": "https://files.pythonhosted.org/packages/ca/91/6d9b8ccacd0412c08820f72cebaa4f0c0441b5cda699c90f618b6f8a1b42/requests-2.28.1-py3-none-any.whl"
            },
            {
              "algorithm": "sha256",
              "hash": "7c5599b102feddaa661c826c56ab4fee28bfd17f5abca1ebbe3e7f19d7c97983",
              "url": "https://files.pythonhosted.org/packages/a5/61/a867851fd5ab77277495a8709ddda0861b28163c4613b011bc00228cc724/requests-2.28.1.tar.gz"
            }
          ],
          "project_name": "requests",
          "requires_dists": [
            "PySocks!=1.5.7,>=1.5.6; extra == \"socks\"",
            "certifi>=2017.4.17",
            "chardet<6,>=3.0.2; extra == \"use_chardet_on_py3\"",
            "charset-normalizer<3,>=2",
            "idna<4,>=2.5",
            "urllib3<1.27,>=1.21.1"
          ],
          "requires_python": "<4,>=3.7",
          "version": "2.28.1"
        },
        {
          "artifacts": [
            {
              "algorithm": "sha256",
              "hash": "57f6f22bde4e042978bcd50176fdb381d7c21a9efa4041202288d3737a0c6a54",
              "url": "https://files.pythonhosted.org/packages/ef/e3/29d6e1a07e8d90ace4a522d9689d03e833b67b50d1588e693eec15f26251/setuptools-65.6.3-py3-none-any.whl"
            },
            {
              "algorithm": "sha256",
              "hash": "a7620757bf984b58deaf32fc8a4577a9bbc0850cf92c20e1ce41c38c19e5fb75",
              "url": "https://files.pythonhosted.org/packages/b6/21/cb9a8d0b2c8597c83fce8e9c02884bce3d4951e41e807fc35791c6b23d9a/setuptools-65.6.3.tar.gz"
            }
          ],
          "project_name": "setuptools",
          "requires_dists": [
            "build[virtualenv]; extra == \"testing\"",
            "build[virtualenv]; extra == \"testing-integration\"",
            "filelock>=3.4.0; extra == \"testing\"",
            "filelock>=3.4.0; extra == \"testing-integration\"",
            "flake8-2020; extra == \"testing\"",
            "flake8<5; extra == \"testing\"",
            "furo; extra == \"docs\"",
            "ini2toml[lite]>=0.9; extra == \"testing\"",
            "jaraco.envs>=2.2; extra == \"testing\"",
            "jaraco.envs>=2.2; extra == \"testing-integration\"",
            "jaraco.packaging>=9; extra == \"docs\"",
            "jaraco.path>=3.2.0; extra == \"testing\"",
            "jaraco.path>=3.2.0; extra == \"testing-integration\"",
            "jaraco.tidelift>=1.4; extra == \"docs\"",
            "pip-run>=8.8; extra == \"testing\"",
            "pip>=19.1; extra == \"testing\"",
            "pygments-github-lexers==0.0.5; extra == \"docs\"",
            "pytest-black>=0.3.7; platform_python_implementation != \"PyPy\" and extra == \"testing\"",
            "pytest-checkdocs>=2.4; extra == \"testing\"",
            "pytest-cov; platform_python_implementation != \"PyPy\" and extra == \"testing\"",
            "pytest-enabler; extra == \"testing-integration\"",
            "pytest-enabler>=1.3; extra == \"testing\"",
            "pytest-flake8; extra == \"testing\"",
            "pytest-mypy>=0.9.1; platform_python_implementation != \"PyPy\" and extra == \"testing\"",
            "pytest-perf; extra == \"testing\"",
            "pytest-timeout; extra == \"testing\"",
            "pytest-xdist; extra == \"testing\"",
            "pytest-xdist; extra == \"testing-integration\"",
            "pytest; extra == \"testing-integration\"",
            "pytest>=6; extra == \"testing\"",
            "rst.linker>=1.9; extra == \"docs\"",
            "sphinx-favicon; extra == \"docs\"",
            "sphinx-hoverxref<2; extra == \"docs\"",
            "sphinx-inline-tabs; extra == \"docs\"",
            "sphinx-notfound-page==0.8.3; extra == \"docs\"",
            "sphinx-reredirects; extra == \"docs\"",
            "sphinx>=3.5; extra == \"docs\"",
            "sphinxcontrib-towncrier; extra == \"docs\"",
            "tomli-w>=1.0.0; extra == \"testing\"",
            "tomli; extra == \"testing-integration\"",
            "virtualenv>=13.0.0; extra == \"testing\"",
            "virtualenv>=13.0.0; extra == \"testing-integration\"",
            "wheel; extra == \"testing\"",
            "wheel; extra == \"testing-integration\""
          ],
          "requires_python": ">=3.7",
          "version": "65.6.3"
        },
        {
          "artifacts": [
            {
              "algorithm": "sha256",
              "hash": "0323c0ec29cd52bceabc1b4d9d579e311f3e4961b98d174201d5622a23b85e34",
              "url": "https://files.pythonhosted.org/packages/97/d3/31dd2c3e48fc2060819f4acb0686248250a0f2326356306b38a42e059144/sqlparse-0.4.3-py3-none-any.whl"
            },
            {
              "algorithm": "sha256",
              "hash": "69ca804846bb114d2ec380e4360a8a340db83f0ccf3afceeb1404df028f57268",
              "url": "https://files.pythonhosted.org/packages/ba/fa/5b7662b04b69f3a34b8867877e4dbf2a37b7f2a5c0bbb5a9eed64efd1ad1/sqlparse-0.4.3.tar.gz"
            }
          ],
          "project_name": "sqlparse",
          "requires_dists": [],
          "requires_python": ">=3.5",
          "version": "0.4.3"
        },
        {
          "artifacts": [
            {
              "algorithm": "sha256",
              "hash": "939de3e7a6161af0c887ef91b7d41a53e7c5a1ca976325f429cb46ea9bc30ecc",
              "url": "https://files.pythonhosted.org/packages/97/75/10a9ebee3fd790d20926a90a2547f0bf78f371b2f13aa822c759680ca7b9/tomli-2.0.1-py3-none-any.whl"
            },
            {
              "algorithm": "sha256",
              "hash": "de526c12914f0c550d15924c62d72abc48d6fe7364aa87328337a31007fe8a4f",
              "url": "https://files.pythonhosted.org/packages/c0/3f/d7af728f075fb08564c5949a9c95e44352e23dee646869fa104a3b2060a3/tomli-2.0.1.tar.gz"
            }
          ],
          "project_name": "tomli",
          "requires_dists": [],
          "requires_python": ">=3.7",
          "version": "2.0.1"
        },
        {
          "artifacts": [
            {
              "algorithm": "sha256",
              "hash": "cebfb004989d9a2ab0d24c0c5805783c7f4e07243ea4ed2a8f1809d072bf712b",
              "url": "https://files.pythonhosted.org/packages/e1/54/df0d3e62636f291d716caa44c5c9590af8e6f225c59d7874051da6428c06/translate-3.6.1-py2.py3-none-any.whl"
            },
            {
              "algorithm": "sha256",
              "hash": "7e70ffa46f193cc744be7c88b8e1323f10f6b2bb90d24bb5d29fdf1e56618783",
              "url": "https://files.pythonhosted.org/packages/d1/9d/692066b9e26176a93ce627bf467bca48f198eb0e036337a5180d566c9561/translate-3.6.1.tar.gz"
            }
          ],
          "project_name": "translate",
          "requires_dists": [
            "click",
            "libretranslatepy==2.1.1",
            "lxml",
            "requests"
          ],
          "requires_python": null,
          "version": "3.6.1"
        },
        {
          "artifacts": [
            {
              "algorithm": "sha256",
              "hash": "1509f182f686ab76e9a8234f22b00b8f50d239974db0cf924b7ae8674bb31a6f",
              "url": "https://files.pythonhosted.org/packages/3b/31/96965fbcec794702352a34821847df908cd170102c49612b7c1d27491842/types_pytz-2022.7.0.0-py3-none-any.whl"
            },
            {
              "algorithm": "sha256",
              "hash": "4f20c2953b3a3a0587e94489ec4c9e02c3d3aedb9ba5cd7e796e12f4cfa7027e",
              "url": "https://files.pythonhosted.org/packages/45/ee/5dfe0f4093efa8411b129381370df3f34474951c3012cc63684726996fa7/types-pytz-2022.7.0.0.tar.gz"
            }
          ],
          "project_name": "types-pytz",
          "requires_dists": [],
          "requires_python": null,
          "version": "2022.7"
        },
        {
          "artifacts": [
            {
              "algorithm": "sha256",
              "hash": "1e94e80aafee07a7e798addb2a320e32956a373f376655128ae20637adb2655b",
              "url": "https://files.pythonhosted.org/packages/13/c2/aff0c123a4a8e4b360a52bb62019949fa691d02ca0fda1ac5010171d9d42/types_PyYAML-6.0.12.2-py3-none-any.whl"
            },
            {
              "algorithm": "sha256",
              "hash": "6840819871c92deebe6a2067fb800c11b8a063632eb4e3e755914e7ab3604e83",
              "url": "https://files.pythonhosted.org/packages/98/f1/b811af145690f4585e5ef03ce961b9ed3e361ace950416bd577dfa6c4918/types-PyYAML-6.0.12.2.tar.gz"
            }
          ],
          "project_name": "types-pyyaml",
          "requires_dists": [],
          "requires_python": null,
          "version": "6.0.12.2"
        },
        {
          "artifacts": [
            {
              "algorithm": "sha256",
              "hash": "b6a2fca8109f4fdba33052f11ed86102bddb2338519e1827387137fefc66a98b",
              "url": "https://files.pythonhosted.org/packages/9c/95/ad745e140031199bfecb81526189034bcca0b8b71e9db446c86f181ba2ca/types_requests-2.28.11.7-py3-none-any.whl"
            },
            {
              "algorithm": "sha256",
              "hash": "0ae38633734990d019b80f5463dfa164ebd3581998ac8435f526da6fe4d598c3",
              "url": "https://files.pythonhosted.org/packages/f4/2c/72cb8c5bbadc61eee2d28b696700dc8ae6ed70784681d6dad46b518487ba/types-requests-2.28.11.7.tar.gz"
            }
          ],
          "project_name": "types-requests",
          "requires_dists": [
            "types-urllib3<1.27"
          ],
          "requires_python": null,
          "version": "2.28.11.7"
        },
        {
          "artifacts": [
            {
              "algorithm": "sha256",
              "hash": "ed6b9e8a8be488796f72306889a06a3fc3cb1aa99af02ab8afb50144d7317e49",
              "url": "https://files.pythonhosted.org/packages/ab/35/7b813668050bfe0820ad84df0ba668adb6abb41ca2bb0f16ad4deabca279/types_urllib3-1.26.25.4-py3-none-any.whl"
            },
            {
              "algorithm": "sha256",
              "hash": "eec5556428eec862b1ac578fb69aab3877995a99ffec9e5a12cf7fbd0cc9daee",
              "url": "https://files.pythonhosted.org/packages/37/67/c0751b0f672b0822b11ece210b211bdd1e08d6e21aa62e6d297b054127d7/types-urllib3-1.26.25.4.tar.gz"
            }
          ],
          "project_name": "types-urllib3",
          "requires_dists": [],
          "requires_python": null,
          "version": "1.26.25.4"
        },
        {
          "artifacts": [
            {
              "algorithm": "sha256",
              "hash": "16fa4864408f655d35ec496218b85f79b3437c829e93320c7c9215ccfd92489e",
              "url": "https://files.pythonhosted.org/packages/0b/8e/f1a0a5a76cfef77e1eb6004cb49e5f8d72634da638420b9ea492ce8305e8/typing_extensions-4.4.0-py3-none-any.whl"
            },
            {
              "algorithm": "sha256",
              "hash": "1511434bb92bf8dd198c12b1cc812e800d4181cfcb867674e0f8279cc93087aa",
              "url": "https://files.pythonhosted.org/packages/e3/a7/8f4e456ef0adac43f452efc2d0e4b242ab831297f1bac60ac815d37eb9cf/typing_extensions-4.4.0.tar.gz"
            }
          ],
          "project_name": "typing-extensions",
          "requires_dists": [],
          "requires_python": ">=3.7",
          "version": "4.4"
        },
        {
          "artifacts": [
            {
              "algorithm": "sha256",
              "hash": "47cc05d99aaa09c9e72ed5809b60e7ba354e64b59c9c173ac3018642d8bb41fc",
              "url": "https://files.pythonhosted.org/packages/65/0c/cc6644eaa594585e5875f46f3c83ee8762b647b51fc5b0fb253a242df2dc/urllib3-1.26.13-py2.py3-none-any.whl"
            },
            {
              "algorithm": "sha256",
              "hash": "c083dd0dce68dbfbe1129d5271cb90f9447dea7d52097c6e0126120c521ddea8",
              "url": "https://files.pythonhosted.org/packages/c2/51/32da03cf19d17d46cce5c731967bf58de9bd71db3a379932f53b094deda4/urllib3-1.26.13.tar.gz"
            }
          ],
          "project_name": "urllib3",
          "requires_dists": [
            "PySocks!=1.5.7,<2.0,>=1.5.6; extra == \"socks\"",
            "brotli>=1.0.9; ((os_name != \"nt\" or python_version >= \"3\") and platform_python_implementation == \"CPython\") and extra == \"brotli\"",
            "brotlicffi>=0.8.0; ((os_name != \"nt\" or python_version >= \"3\") and platform_python_implementation != \"CPython\") and extra == \"brotli\"",
            "brotlipy>=0.6.0; (os_name == \"nt\" and python_version < \"3\") and extra == \"brotli\"",
            "certifi; extra == \"secure\"",
            "cryptography>=1.3.4; extra == \"secure\"",
            "idna>=2.0.0; extra == \"secure\"",
            "ipaddress; python_version == \"2.7\" and extra == \"secure\"",
            "pyOpenSSL>=0.14; extra == \"secure\"",
            "urllib3-secure-extra; extra == \"secure\""
          ],
          "requires_python": "!=3.0.*,!=3.1.*,!=3.2.*,!=3.3.*,!=3.4.*,!=3.5.*,>=2.7",
          "version": "1.26.13"
        }
      ],
      "platform_tag": null
    }
  ],
  "path_mappings": {},
  "pex_version": "2.1.108",
  "pip_version": "20.3.4-patched",
  "prefer_older_binary": false,
  "requirements": [
    "ansicolors>=1.0.2",
    "django-debug-toolbar<4,>=3.8.0",
    "django-stubs>=1.10.0",
    "django<4,>=3.2.13",
    "gunicorn>=20.1.0",
    "protobuf>=3.11.3",
    "pytest>=6.0.1",
    "requests>=2.25.1",
    "setuptools>=42.0.0",
    "translate>=3.2.1",
    "types-requests>=2.25.1"
  ],
  "requires_python": [
    "<3.10,>=3.9"
  ],
  "resolver_version": "pip-2020-resolver",
  "style": "universal",
  "target_systems": [
    "linux",
    "mac"
  ],
  "transitive": true,
  "use_pep517": null
}
