// This lockfile was autogenerated by Pants. To regenerate, run:
//
//    pants generate-lockfiles --resolve=python-default
//
// --- BEGIN PANTS LOCKFILE METADATA: DO NOT EDIT OR REMOVE ---
// {
//   "version": 4,
//   "valid_for_interpreter_constraints": [
//     "CPython<3.13,>=3.12"
//   ],
//   "generated_with_requirements": [
//     "ansicolors>=1.0.2",
//     "django-debug-toolbar<4,>=3.8.0",
//     "django-stubs~=4.2.7",
//     "django<4,>=3.2.13",
//     "gunicorn>=20.1.0",
//     "mypy==1.18.1",
//     "protobuf>=3.11.3",
//     "pytest-django<5,>=4",
//     "pytest>=6.0.1",
//     "requests>=2.25.1",
//     "setuptools>=42.0.0",
//     "translate>=3.2.1",
//     "types-requests>=2.25.1"
//   ],
//   "manylinux": "manylinux2014",
//   "requirement_constraints": [],
//   "only_binary": [],
//   "no_binary": [],
//   "excludes": [],
//   "overrides": []
// }
// --- END PANTS LOCKFILE METADATA ---

{
  "allow_builds": true,
  "allow_prereleases": false,
  "allow_wheels": true,
  "build_isolation": true,
  "constraints": [],
  "elide_unused_requires_dist": false,
  "excluded": [],
  "locked_resolves": [
    {
      "locked_requirements": [
        {
          "artifacts": [
            {
              "algorithm": "sha256",
              "hash": "00d2dde5a675579325902536738dd27e4fac1fd68f773fe36c21044eb559e187",
              "url": "https://files.pythonhosted.org/packages/53/18/a56e2fe47b259bb52201093a3a9d4a32014f9d85071ad07e9d60600890ca/ansicolors-1.1.8-py2.py3-none-any.whl"
            },
            {
              "algorithm": "sha256",
              "hash": "99f94f5e3348a0bcd43c82e5fc4414013ccc19d70bd939ad71e0133ce9c372e0",
              "url": "https://files.pythonhosted.org/packages/76/31/7faed52088732704523c259e24c26ce6f2f33fbeff2ff59274560c27628e/ansicolors-1.1.8.zip"
            }
          ],
          "project_name": "ansicolors",
          "requires_dists": [],
          "requires_python": null,
          "version": "1.1.8"
        },
        {
          "artifacts": [
            {
              "algorithm": "sha256",
              "hash": "aef8a81283a34d0ab31630c9b7dfe70c812c95eba78171367ca8745e88124734",
              "url": "https://files.pythonhosted.org/packages/17/9c/fc2331f538fbf7eedba64b2052e99ccf9ba9d6888e2f41441ee28847004b/asgiref-3.10.0-py3-none-any.whl"
            },
            {
              "algorithm": "sha256",
              "hash": "d89f2d8cd8b56dada7d52fa7dc8075baa08fb836560710d38c292a7a3f78c04e",
              "url": "https://files.pythonhosted.org/packages/46/08/4dfec9b90758a59acc6be32ac82e98d1fbfc321cb5cfa410436dbacf821c/asgiref-3.10.0.tar.gz"
            }
          ],
          "project_name": "asgiref",
          "requires_dists": [
            "mypy>=1.14.0; extra == \"tests\"",
            "pytest-asyncio; extra == \"tests\"",
            "pytest; extra == \"tests\"",
            "typing_extensions>=4; python_version < \"3.11\""
          ],
          "requires_python": ">=3.9",
          "version": "3.10.0"
        },
        {
          "artifacts": [
            {
              "algorithm": "sha256",
              "hash": "0f212c2744a9bb6de0c56639a6f68afe01ecd92d91f14ae897c4fe7bbeeef0de",
              "url": "https://files.pythonhosted.org/packages/e4/37/af0d2ef3967ac0d6113837b44a4f0bfe1328c2b9763bd5b1744520e5cfed/certifi-2025.10.5-py3-none-any.whl"
            },
            {
              "algorithm": "sha256",
              "hash": "47c09d31ccf2acf0be3f701ea53595ee7e0b8fa08801c6624be771df09ae7b43",
              "url": "https://files.pythonhosted.org/packages/4c/5b/b6ce21586237c77ce67d01dc5507039d444b630dd76611bbca2d8e5dcd91/certifi-2025.10.5.tar.gz"
            }
          ],
          "project_name": "certifi",
          "requires_dists": [],
          "requires_python": ">=3.7",
          "version": "2025.10.5"
        },
        {
          "artifacts": [
            {
              "algorithm": "sha256",
              "hash": "ce571ab16d890d23b5c278547ba694193a45011ff86a9162a71307ed9f86759a",
              "url": "https://files.pythonhosted.org/packages/8a/1f/f041989e93b001bc4e44bb1669ccdcf54d3f00e628229a85b08d330615c5/charset_normalizer-3.4.3-py3-none-any.whl"
            },
            {
              "algorithm": "sha256",
              "hash": "42e5088973e56e31e4fa58eb6bd709e42fc03799c11c42929592889a2e54c491",
              "url": "https://files.pythonhosted.org/packages/05/6b/e2539a0a4be302b481e8cafb5af8792da8093b486885a1ae4d15d452bcec/charset_normalizer-3.4.3-cp312-cp312-musllinux_1_2_ppc64le.whl"
            },
            {
              "algorithm": "sha256",
              "hash": "1606f4a55c0fd363d754049cdf400175ee96c992b1f8018b993941f221221c5f",
              "url": "https://files.pythonhosted.org/packages/16/ab/0233c3231af734f5dfcf0844aa9582d5a1466c985bbed6cedab85af9bfe3/charset_normalizer-3.4.3-cp312-cp312-manylinux2014_x86_64.manylinux_2_17_x86_64.manylinux_2_28_x86_64.whl"
            },
            {
              "algorithm": "sha256",
              "hash": "cc34f233c9e71701040d772aa7490318673aa7164a0efe3172b2981218c26d93",
              "url": "https://files.pythonhosted.org/packages/31/e7/883ee5676a2ef217a40ce0bffcc3d0dfbf9e64cbcfbdf822c52981c3304b/charset_normalizer-3.4.3-cp312-cp312-musllinux_1_2_s390x.whl"
            },
            {
              "algorithm": "sha256",
              "hash": "0cacf8f7297b0c4fcb74227692ca46b4a5852f8f4f24b3c766dd94a1075c4884",
              "url": "https://files.pythonhosted.org/packages/7d/a8/c6ec5d389672521f644505a257f50544c074cf5fc292d5390331cd6fc9c3/charset_normalizer-3.4.3-cp312-cp312-manylinux2014_aarch64.manylinux_2_17_aarch64.manylinux_2_28_aarch64.whl"
            },
            {
              "algorithm": "sha256",
              "hash": "3cfb2aad70f2c6debfbcb717f23b7eb55febc0bb23dcffc0f076009da10c6392",
              "url": "https://files.pythonhosted.org/packages/82/10/0fd19f20c624b278dddaf83b8464dcddc2456cb4b02bb902a6da126b87a1/charset_normalizer-3.4.3-cp312-cp312-manylinux2014_s390x.manylinux_2_17_s390x.manylinux_2_28_s390x.whl"
            },
            {
              "algorithm": "sha256",
              "hash": "6fce4b8500244f6fcb71465d4a4930d132ba9ab8e71a7859e6a5d59851068d14",
              "url": "https://files.pythonhosted.org/packages/83/2d/5fd176ceb9b2fc619e63405525573493ca23441330fcdaee6bef9460e924/charset_normalizer-3.4.3.tar.gz"
            },
            {
              "algorithm": "sha256",
              "hash": "027b776c26d38b7f15b26a5da1044f376455fb3766df8fc38563b4efbc515154",
              "url": "https://files.pythonhosted.org/packages/ae/02/e29e22b4e02839a0e4a06557b1999d0a47db3567e82989b5bb21f3fbbd9f/charset_normalizer-3.4.3-cp312-cp312-musllinux_1_2_aarch64.whl"
            },
            {
              "algorithm": "sha256",
              "hash": "320e8e66157cc4e247d9ddca8e21f427efc7a04bbd0ac8a9faf56583fa543f9f",
              "url": "https://files.pythonhosted.org/packages/c1/35/6525b21aa0db614cf8b5792d232021dca3df7f90a1944db934efa5d20bb1/charset_normalizer-3.4.3-cp312-cp312-musllinux_1_2_x86_64.whl"
            },
            {
              "algorithm": "sha256",
              "hash": "e28e334d3ff134e88989d90ba04b47d84382a828c061d0d1027b1b12a62b39b1",
              "url": "https://files.pythonhosted.org/packages/e9/5e/14c94999e418d9b87682734589404a25854d5f5d0408df68bc15b6ff54bb/charset_normalizer-3.4.3-cp312-cp312-macosx_10_13_universal2.whl"
            },
            {
              "algorithm": "sha256",
              "hash": "c6fd51128a41297f5409deab284fecbe5305ebd7e5a1f959bee1c054622b7018",
              "url": "https://files.pythonhosted.org/packages/fc/eb/a2ffb08547f4e1e5415fb69eb7db25932c52a52bed371429648db4d84fb1/charset_normalizer-3.4.3-cp312-cp312-manylinux2014_ppc64le.manylinux_2_17_ppc64le.manylinux_2_28_ppc64le.whl"
            }
          ],
          "project_name": "charset-normalizer",
          "requires_dists": [],
          "requires_python": ">=3.7",
          "version": "3.4.3"
        },
        {
          "artifacts": [
            {
              "algorithm": "sha256",
              "hash": "9b9f285302c6e3064f4330c05f05b81945b2a39544279343e6e7c5f27a9baddc",
              "url": "https://files.pythonhosted.org/packages/db/d3/9dcc0f5797f070ec8edf30fbadfb200e71d9db6b84d211e3b2085a7589a0/click-8.3.0-py3-none-any.whl"
            },
            {
              "algorithm": "sha256",
              "hash": "e7b8232224eba16f4ebe410c25ced9f7875cb5f3263ffc93cc3e8da705e229c4",
              "url": "https://files.pythonhosted.org/packages/46/61/de6cd827efad202d7057d93e0fed9294b96952e188f7384832791c7b2254/click-8.3.0.tar.gz"
            }
          ],
          "project_name": "click",
          "requires_dists": [
            "colorama; platform_system == \"Windows\""
          ],
          "requires_python": ">=3.10",
          "version": "8.3.0"
        },
        {
          "artifacts": [
            {
              "algorithm": "sha256",
              "hash": "a52ea7fcf280b16f7b739cec38fa6d3f8953a5456986944c3ca97e79882b4e38",
              "url": "https://files.pythonhosted.org/packages/30/8e/cc23c762c5dcd1d367d73cf006a326e0df2bd0e785cba18b658b39904c1e/Django-3.2.25-py3-none-any.whl"
            },
            {
              "algorithm": "sha256",
              "hash": "7ca38a78654aee72378594d63e51636c04b8e28574f5505dff630895b5472777",
              "url": "https://files.pythonhosted.org/packages/ec/68/0e744f07b57bfdf99abbb6b3eb14fcba188867021c05f4a104e04f6d56b8/Django-3.2.25.tar.gz"
            }
          ],
          "project_name": "django",
          "requires_dists": [
            "argon2-cffi>=19.1.0; extra == \"argon2\"",
            "asgiref<4,>=3.3.2",
            "bcrypt; extra == \"bcrypt\"",
            "pytz",
            "sqlparse>=0.2.2"
          ],
          "requires_python": ">=3.6",
          "version": "3.2.25"
        },
        {
          "artifacts": [
            {
              "algorithm": "sha256",
              "hash": "879f8a4672d41621c06a4d322dcffa630fc4df056cada6e417ed01db0e5e0478",
              "url": "https://files.pythonhosted.org/packages/c7/c3/fd81e84ce86904019112428c690a06ab19c66742c917a898dcf9da6ae166/django_debug_toolbar-3.8.1-py3-none-any.whl"
            },
            {
              "algorithm": "sha256",
              "hash": "24ef1a7d44d25e60d7951e378454c6509bf536dce7e7d9d36e7c387db499bc27",
              "url": "https://files.pythonhosted.org/packages/80/53/1d1e3bbef3c6f5820f838a6a6a8e795a3c86323f9dbf2f8a89de78477972/django_debug_toolbar-3.8.1.tar.gz"
            }
          ],
          "project_name": "django-debug-toolbar",
          "requires_dists": [
            "django>=3.2.4",
            "sqlparse>=0.2"
          ],
          "requires_python": ">=3.7",
          "version": "3.8.1"
        },
        {
          "artifacts": [
            {
              "algorithm": "sha256",
              "hash": "4cf4de258fa71adc6f2799e983091b9d46cfc67c6eebc68fe111218c9a62b3b8",
              "url": "https://files.pythonhosted.org/packages/31/33/a4024662b31999841bc18ef845a790f6b6a9ad50f5b2aceb029896612d17/django_stubs-4.2.7-py3-none-any.whl"
            },
            {
              "algorithm": "sha256",
              "hash": "8ccd2ff4ee5adf22b9e3b7b1a516d2e1c2191e9d94e672c35cc2bc3dd61e0f6b",
              "url": "https://files.pythonhosted.org/packages/1c/1f/1b1da357d37cbbf21496c17aad5a55416c7c37944a909c4a19ddd61994df/django-stubs-4.2.7.tar.gz"
            }
          ],
          "project_name": "django-stubs",
          "requires_dists": [
            "django",
            "django-stubs-ext>=4.2.7",
            "mypy~=1.7.0; extra == \"compatible-mypy\"",
            "tomli; python_version < \"3.11\"",
            "types-PyYAML",
            "types-pytz",
            "typing-extensions"
          ],
          "requires_python": ">=3.8",
          "version": "4.2.7"
        },
        {
          "artifacts": [
            {
              "algorithm": "sha256",
              "hash": "9b4b8ac9d32f7e6c304fd05477f8688fae6ed57f6a0f9f4d074f9e55b5a3da14",
              "url": "https://files.pythonhosted.org/packages/e0/fe/a85a105fddffadb4a8d50e500caeee87d836b679d51a19d52dfa0cc6c660/django_stubs_ext-5.2.5-py3-none-any.whl"
            },
            {
              "algorithm": "sha256",
              "hash": "ecc628df29d36cede638567c4e33ff485dd7a99f1552ad0cece8c60e9c3a8872",
              "url": "https://files.pythonhosted.org/packages/16/94/c9b8f4c47084a0fa666da9066c36771098101932688adf2c17a40fab79c2/django_stubs_ext-5.2.5.tar.gz"
            }
          ],
          "project_name": "django-stubs-ext",
          "requires_dists": [
            "django",
            "typing-extensions"
          ],
          "requires_python": ">=3.10",
          "version": "5.2.5"
        },
        {
          "artifacts": [
            {
              "algorithm": "sha256",
              "hash": "ec400d38950de4dfd418cff8328b2c8faed0edb0d517d3394e457c317908ca4d",
              "url": "https://files.pythonhosted.org/packages/cb/7d/6dac2a6e1eba33ee43f318edbed4ff29151a49b5d37f080aad1e6469bca4/gunicorn-23.0.0-py3-none-any.whl"
            },
            {
              "algorithm": "sha256",
              "hash": "f014447a0101dc57e294f6c18ca6b40227a4c90e9bdb586042628030cba004ec",
              "url": "https://files.pythonhosted.org/packages/34/72/9614c465dc206155d93eff0ca20d42e1e35afc533971379482de953521a4/gunicorn-23.0.0.tar.gz"
            }
          ],
          "project_name": "gunicorn",
          "requires_dists": [
            "coverage; extra == \"testing\"",
            "eventlet!=0.36.0,>=0.24.1; extra == \"eventlet\"",
            "eventlet; extra == \"testing\"",
            "gevent; extra == \"testing\"",
            "gevent>=1.4.0; extra == \"gevent\"",
            "importlib-metadata; python_version < \"3.8\"",
            "packaging",
            "pytest-cov; extra == \"testing\"",
            "pytest; extra == \"testing\"",
            "setproctitle; extra == \"setproctitle\"",
            "tornado>=0.2; extra == \"tornado\""
          ],
          "requires_python": ">=3.7",
          "version": "23.0.0"
        },
        {
          "artifacts": [
            {
              "algorithm": "sha256",
              "hash": "946d195a0d259cbba61165e88e65941f16e9b36ea6ddb97f00452bae8b1287d3",
              "url": "https://files.pythonhosted.org/packages/76/c6/c88e154df9c4e1a2a66ccf0005a88dfb2650c1dffb6f5ce603dfbd452ce3/idna-3.10-py3-none-any.whl"
            },
            {
              "algorithm": "sha256",
              "hash": "12f65c9b470abda6dc35cf8e63cc574b1c52b11df2c86030af0ac09b01b13ea9",
              "url": "https://files.pythonhosted.org/packages/f1/70/7703c29685631f5a7590aa73f1f1d3fa9a380e654b86af429e0934a32f7d/idna-3.10.tar.gz"
            }
          ],
          "project_name": "idna",
          "requires_dists": [
            "flake8>=7.1.1; extra == \"all\"",
            "mypy>=1.11.2; extra == \"all\"",
            "pytest>=8.3.2; extra == \"all\"",
            "ruff>=0.6.2; extra == \"all\""
          ],
          "requires_python": ">=3.6",
          "version": "3.10"
        },
        {
          "artifacts": [
            {
              "algorithm": "sha256",
              "hash": "9deba5723312380e77435581c6bf4935c94cbfab9b1ed33ef8d238ea168eb760",
              "url": "https://files.pythonhosted.org/packages/2c/e1/e6716421ea10d38022b952c159d5161ca1193197fb744506875fbb87ea7b/iniconfig-2.1.0-py3-none-any.whl"
            },
            {
              "algorithm": "sha256",
              "hash": "3abbd2e30b36733fee78f9c7f7308f2d0050e88f0087fd25c2645f63c773e1c7",
              "url": "https://files.pythonhosted.org/packages/f2/97/ebf4da567aa6827c909642694d71c9fcf53e5b504f2d96afea02718862f3/iniconfig-2.1.0.tar.gz"
            }
          ],
          "project_name": "iniconfig",
          "requires_dists": [],
          "requires_python": ">=3.8",
          "version": "2.1.0"
        },
        {
          "artifacts": [
            {
              "algorithm": "sha256",
              "hash": "bf9f8b0003c94f34e141553b7ec0a02876297c06955f5efea49afbc9f85303a9",
              "url": "https://files.pythonhosted.org/packages/24/54/044ecbf4eeba3f3feee70d496f34f397dc20714cdb80dfa8bc01e7409f88/libretranslatepy-2.1.1-py3-none-any.whl"
            },
            {
              "algorithm": "sha256",
              "hash": "3f28e1b990ba5f514ae215c08ace0c4e2327eeccaa356983aefbca3a25ecc568",
              "url": "https://files.pythonhosted.org/packages/ef/ec/9b31f896697e164204ac4a31c9cfc31c0fee97ca5b97829d24a9cfc7d33c/libretranslatepy-2.1.1.tar.gz"
            }
          ],
          "project_name": "libretranslatepy",
          "requires_dists": [],
          "requires_python": null,
          "version": "2.1.1"
        },
        {
          "artifacts": [
            {
              "algorithm": "sha256",
              "hash": "6f91fd2b2ea15a6800c8e24418c0775a1694eefc011392da73bc6cef2623b322",
              "url": "https://files.pythonhosted.org/packages/19/93/03ba725df4c3d72afd9596eef4a37a837ce8e4806010569bedfcd2cb68fd/lxml-6.0.2-cp312-cp312-musllinux_1_2_x86_64.whl"
            },
            {
              "algorithm": "sha256",
              "hash": "fbc74f42c3525ac4ffa4b89cbdd00057b6196bcefe8bce794abd42d33a018092",
              "url": "https://files.pythonhosted.org/packages/1e/be/667d17363b38a78c4bd63cfd4b4632029fd68d2c2dc81f25ce9eb5224dd5/lxml-6.0.2-cp312-cp312-manylinux_2_38_riscv64.manylinux_2_39_riscv64.whl"
            },
            {
              "algorithm": "sha256",
              "hash": "064fdadaf7a21af3ed1dcaa106b854077fbeada827c18f72aec9346847cd65d0",
              "url": "https://files.pythonhosted.org/packages/35/35/d955a070994725c4f7d80583a96cab9c107c57a125b20bb5f708fe941011/lxml-6.0.2-cp312-cp312-manylinux_2_31_armv7l.whl"
            },
            {
              "algorithm": "sha256",
              "hash": "e8113639f3296706fbac34a30813929e29247718e88173ad849f57ca59754924",
              "url": "https://files.pythonhosted.org/packages/37/6f/9aae1008083bb501ef63284220ce81638332f9ccbfa53765b2b7502203cf/lxml-6.0.2-cp312-cp312-macosx_10_13_x86_64.whl"
            },
            {
              "algorithm": "sha256",
              "hash": "2047d8234fe735ab77802ce5f2297e410ff40f5238aec569ad7c8e163d7b19a6",
              "url": "https://files.pythonhosted.org/packages/76/47/b3ec58dc5c374697f5ba37412cd2728f427d056315d124dd4b61da381877/lxml-6.0.2-cp312-cp312-musllinux_1_2_riscv64.whl"
            },
            {
              "algorithm": "sha256",
              "hash": "700efd30c0fa1a3581d80a748157397559396090a51d306ea59a70020223d16f",
              "url": "https://files.pythonhosted.org/packages/a2/b0/7e64e0460fcb36471899f75831509098f3fd7cd02a3833ac517433cb4f8f/lxml-6.0.2-cp312-cp312-manylinux_2_26_i686.manylinux_2_28_i686.whl"
            },
            {
              "algorithm": "sha256",
              "hash": "cd79f3367bd74b317dda655dc8fcfa304d9eb6e4fb06b7168c5cf27f96e0cd62",
              "url": "https://files.pythonhosted.org/packages/aa/88/262177de60548e5a2bfc46ad28232c9e9cbde697bd94132aeb80364675cb/lxml-6.0.2.tar.gz"
            },
            {
              "algorithm": "sha256",
              "hash": "c33e66d44fe60e72397b487ee92e01da0d09ba2d66df8eae42d77b6d06e5eba0",
              "url": "https://files.pythonhosted.org/packages/b9/e1/e5df362e9ca4e2f48ed6411bd4b3a0ae737cc842e96877f5bf9428055ab4/lxml-6.0.2-cp312-cp312-manylinux_2_26_ppc64le.manylinux_2_28_ppc64le.whl"
            },
            {
              "algorithm": "sha256",
              "hash": "6da5185951d72e6f5352166e3da7b0dc27aa70bd1090b0eb3f7f7212b53f1bb8",
              "url": "https://files.pythonhosted.org/packages/bd/55/6ceddaca353ebd0f1908ef712c597f8570cc9c58130dbb89903198e441fd/lxml-6.0.2-cp312-cp312-musllinux_1_2_armv7l.whl"
            },
            {
              "algorithm": "sha256",
              "hash": "90a345bbeaf9d0587a3aaffb7006aa39ccb6ff0e96a57286c0cb2fd1520ea192",
              "url": "https://files.pythonhosted.org/packages/c6/d1/232b3309a02d60f11e71857778bfcd4acbdb86c07db8260caf7d008b08f8/lxml-6.0.2-cp312-cp312-manylinux_2_26_x86_64.manylinux_2_28_x86_64.whl"
            },
            {
              "algorithm": "sha256",
              "hash": "c371aa98126a0d4c739ca93ceffa0fd7a5d732e3ac66a46e74339acd4d334564",
              "url": "https://files.pythonhosted.org/packages/c8/20/a7760713e65888db79bbae4f6146a6ae5c04e4a204a3c48896c408cd6ed2/lxml-6.0.2-cp312-cp312-manylinux_2_26_aarch64.manylinux_2_28_aarch64.whl"
            },
            {
              "algorithm": "sha256",
              "hash": "57a86e1ebb4020a38d295c04fc79603c7899e0df71588043eb218722dabc087f",
              "url": "https://files.pythonhosted.org/packages/cf/e8/fd63e15da5e3fd4c2146f8bbb3c14e94ab850589beab88e547b2dbce22e1/lxml-6.0.2-cp312-cp312-musllinux_1_2_ppc64le.whl"
            },
            {
              "algorithm": "sha256",
              "hash": "65ea18d710fd14e0186c2f973dc60bb52039a275f82d3c44a0e42b43440ea534",
              "url": "https://files.pythonhosted.org/packages/da/87/f6cb9442e4bada8aab5ae7e1046264f62fdbeaa6e3f6211b93f4c0dd97f1/lxml-6.0.2-cp312-cp312-manylinux2014_x86_64.manylinux_2_17_x86_64.whl"
            },
            {
              "algorithm": "sha256",
              "hash": "6ddff43f702905a4e32bc24f3f2e2edfe0f8fde3277d481bffb709a4cced7a1f",
              "url": "https://files.pythonhosted.org/packages/ea/47/62c70aa4a1c26569bc958c9ca86af2bb4e1f614e8c04fb2989833874f7ae/lxml-6.0.2-cp312-cp312-musllinux_1_2_aarch64.whl"
            },
            {
              "algorithm": "sha256",
              "hash": "a8bef9b9825fa8bc816a6e641bb67219489229ebc648be422af695f6e7a4fa7f",
              "url": "https://files.pythonhosted.org/packages/f1/ca/31fb37f99f37f1536c133476674c10b577e409c0a624384147653e38baf2/lxml-6.0.2-cp312-cp312-manylinux2014_aarch64.manylinux_2_17_aarch64.whl"
            },
            {
              "algorithm": "sha256",
              "hash": "a59f5448ba2ceccd06995c95ea59a7674a10de0810f2ce90c9006f3cbc044456",
              "url": "https://files.pythonhosted.org/packages/f3/c8/8ff2bc6b920c84355146cd1ab7d181bc543b89241cfb1ebee824a7c81457/lxml-6.0.2-cp312-cp312-macosx_10_13_universal2.whl"
            }
          ],
          "project_name": "lxml",
          "requires_dists": [
            "BeautifulSoup4; extra == \"htmlsoup\"",
            "cssselect>=0.7; extra == \"cssselect\"",
            "html5lib; extra == \"html5\"",
            "lxml_html_clean; extra == \"html-clean\""
          ],
          "requires_python": ">=3.8",
          "version": "6.0.2"
        },
        {
          "artifacts": [
            {
              "algorithm": "sha256",
              "hash": "b76a4de66a0ac01da1be14ecc8ae88ddea33b8380284a9e3eae39d57ebcbe26e",
              "url": "https://files.pythonhosted.org/packages/e0/1d/4b97d3089b48ef3d904c9ca69fab044475bd03245d878f5f0b3ea1daf7ce/mypy-1.18.1-py3-none-any.whl"
            },
            {
              "algorithm": "sha256",
              "hash": "9e988c64ad3ac5987f43f5154f884747faf62141b7f842e87465b45299eea5a9",
              "url": "https://files.pythonhosted.org/packages/14/a3/931e09fc02d7ba96da65266884da4e4a8806adcdb8a57faaacc6edf1d538/mypy-1.18.1.tar.gz"
            },
            {
              "algorithm": "sha256",
              "hash": "8750ceb014a96c9890421c83f0db53b0f3b8633e2864c6f9bc0a8e93951ed18d",
              "url": "https://files.pythonhosted.org/packages/32/bb/92642a9350fc339dd9dcefcf6862d171b52294af107d521dce075f32f298/mypy-1.18.1-cp312-cp312-manylinux2014_x86_64.manylinux_2_17_x86_64.manylinux_2_28_x86_64.whl"
            },
            {
              "algorithm": "sha256",
              "hash": "7509549b5e41be279afc1228242d0e397f1af2919a8f2877ad542b199dc4083e",
              "url": "https://files.pythonhosted.org/packages/90/83/235606c8b6d50a8eba99773add907ce1d41c068edb523f81eb0d01603a83/mypy-1.18.1-cp312-cp312-macosx_11_0_arm64.whl"
            },
            {
              "algorithm": "sha256",
              "hash": "5956ecaabb3a245e3f34100172abca1507be687377fe20e24d6a7557e07080e2",
              "url": "https://files.pythonhosted.org/packages/ca/25/4e2ce00f8d15b99d0c68a2536ad63e9eac033f723439ef80290ec32c1ff5/mypy-1.18.1-cp312-cp312-manylinux2014_aarch64.manylinux_2_17_aarch64.manylinux_2_28_aarch64.whl"
            },
            {
              "algorithm": "sha256",
              "hash": "fb89ea08ff41adf59476b235293679a6eb53a7b9400f6256272fb6029bec3ce5",
              "url": "https://files.pythonhosted.org/packages/cd/ee/38d01db91c198fb6350025d28f9719ecf3c8f2c55a0094bfbf3ef478cc9a/mypy-1.18.1-cp312-cp312-musllinux_1_2_x86_64.whl"
            },
            {
              "algorithm": "sha256",
              "hash": "502cde8896be8e638588b90fdcb4c5d5b8c1b004dfc63fd5604a973547367bb9",
              "url": "https://files.pythonhosted.org/packages/e7/14/1c3f54d606cb88a55d1567153ef3a8bc7b74702f2ff5eb64d0994f9e49cb/mypy-1.18.1-cp312-cp312-macosx_10_13_x86_64.whl"
            }
          ],
          "project_name": "mypy",
          "requires_dists": [
            "lxml; extra == \"reports\"",
            "mypy_extensions>=1.0.0",
            "orjson; extra == \"faster-cache\"",
            "pathspec>=0.9.0",
            "pip; extra == \"install-types\"",
            "psutil>=4.0; extra == \"dmypy\"",
            "setuptools>=50; extra == \"mypyc\"",
            "tomli>=1.1.0; python_version < \"3.11\"",
            "typing_extensions>=4.6.0"
          ],
          "requires_python": ">=3.9",
          "version": "1.18.1"
        },
        {
          "artifacts": [
            {
              "algorithm": "sha256",
              "hash": "1be4cccdb0f2482337c4743e60421de3a356cd97508abadd57d47403e94f5505",
              "url": "https://files.pythonhosted.org/packages/79/7b/2c79738432f5c924bef5071f933bcc9efd0473bac3b4aa584a6f7c1c8df8/mypy_extensions-1.1.0-py3-none-any.whl"
            },
            {
              "algorithm": "sha256",
              "hash": "52e68efc3284861e772bbcd66823fde5ae21fd2fdb51c62a211403730b916558",
              "url": "https://files.pythonhosted.org/packages/a2/6e/371856a3fb9d31ca8dac321cda606860fa4548858c0cc45d9d1d4ca2628b/mypy_extensions-1.1.0.tar.gz"
            }
          ],
          "project_name": "mypy-extensions",
          "requires_dists": [],
          "requires_python": ">=3.8",
          "version": "1.1.0"
        },
        {
          "artifacts": [
            {
              "algorithm": "sha256",
              "hash": "29572ef2b1f17581046b3a2227d5c611fb25ec70ca1ba8554b24b0e69331a484",
              "url": "https://files.pythonhosted.org/packages/20/12/38679034af332785aac8774540895e234f4d07f7545804097de4b666afd8/packaging-25.0-py3-none-any.whl"
            },
            {
              "algorithm": "sha256",
              "hash": "d443872c98d677bf60f6a1f2f8c1cb748e8fe762d2bf9d3148b5599295b0fc4f",
              "url": "https://files.pythonhosted.org/packages/a1/d4/1fc4078c65507b51b96ca8f8c3ba19e6a61c8253c72794544580a7b6c24d/packaging-25.0.tar.gz"
            }
          ],
          "project_name": "packaging",
          "requires_dists": [],
          "requires_python": ">=3.8",
          "version": "25.0"
        },
        {
          "artifacts": [
            {
              "algorithm": "sha256",
              "hash": "a0d503e138a4c123b27490a4f7beda6a01c6f288df0e4a8b79c7eb0dc7b4cc08",
              "url": "https://files.pythonhosted.org/packages/cc/20/ff623b09d963f88bfde16306a54e12ee5ea43e9b597108672ff3a408aad6/pathspec-0.12.1-py3-none-any.whl"
            },
            {
              "algorithm": "sha256",
              "hash": "a482d51503a1ab33b1c67a6c3813a26953dbdc71c31dacaef9a838c4e29f5712",
              "url": "https://files.pythonhosted.org/packages/ca/bc/f35b8446f4531a7cb215605d100cd88b7ac6f44ab3fc94870c120ab3adbf/pathspec-0.12.1.tar.gz"
            }
          ],
          "project_name": "pathspec",
          "requires_dists": [],
          "requires_python": ">=3.8",
          "version": "0.12.1"
        },
        {
          "artifacts": [
            {
              "algorithm": "sha256",
              "hash": "e920276dd6813095e9377c0bc5566d94c932c33b27a3e3945d8389c374dd4746",
              "url": "https://files.pythonhosted.org/packages/54/20/4d324d65cc6d9205fabedc306948156824eb9f0ee1633355a8f7ec5c66bf/pluggy-1.6.0-py3-none-any.whl"
            },
            {
              "algorithm": "sha256",
              "hash": "7dcc130b76258d33b90f61b658791dede3486c3e6bfb003ee5c9bfb396dd22f3",
              "url": "https://files.pythonhosted.org/packages/f9/e2/3e91f31a7d2b083fe6ef3fa267035b518369d9511ffab804f839851d2779/pluggy-1.6.0.tar.gz"
            }
          ],
          "project_name": "pluggy",
          "requires_dists": [
            "coverage; extra == \"testing\"",
            "pre-commit; extra == \"dev\"",
            "pytest-benchmark; extra == \"testing\"",
            "pytest; extra == \"testing\"",
            "tox; extra == \"dev\""
          ],
          "requires_python": ">=3.9",
          "version": "1.6.0"
        },
        {
          "artifacts": [
            {
              "algorithm": "sha256",
              "hash": "2601b779fc7d32a866c6b4404f9d42a3f67c5b9f3f15b4db3cccabe06b95c346",
              "url": "https://files.pythonhosted.org/packages/97/b7/15cc7d93443d6c6a84626ae3258a91f4c6ac8c0edd5df35ea7658f71b79c/protobuf-6.32.1-py3-none-any.whl"
            },
            {
              "algorithm": "sha256",
              "hash": "d8c7e6eb619ffdf105ee4ab76af5a68b60a9d0f66da3ea12d1640e6d8dab7281",
              "url": "https://files.pythonhosted.org/packages/10/56/a8a3f4e7190837139e68c7002ec749190a163af3e330f65d90309145a210/protobuf-6.32.1-cp39-abi3-macosx_10_9_universal2.whl"
            },
            {
              "algorithm": "sha256",
              "hash": "2f5b80a49e1eb7b86d85fcd23fe92df154b9730a725c3b38c4e43b9d77018bf4",
              "url": "https://files.pythonhosted.org/packages/3f/be/8dd0a927c559b37d7a6c8ab79034fd167dcc1f851595f2e641ad62be8643/protobuf-6.32.1-cp39-abi3-manylinux2014_aarch64.whl"
            },
            {
              "algorithm": "sha256",
              "hash": "b1864818300c297265c83a4982fd3169f97122c299f56a56e2445c3698d34710",
              "url": "https://files.pythonhosted.org/packages/5c/f6/88d77011b605ef979aace37b7703e4eefad066f7e84d935e5a696515c2dd/protobuf-6.32.1-cp39-abi3-manylinux2014_x86_64.whl"
            },
            {
              "algorithm": "sha256",
              "hash": "ee2469e4a021474ab9baafea6cd070e5bf27c7d29433504ddea1a4ee5850f68d",
              "url": "https://files.pythonhosted.org/packages/fa/a4/cc17347aa2897568beece2e674674359f911d6fe21b0b8d6268cd42727ac/protobuf-6.32.1.tar.gz"
            }
          ],
          "project_name": "protobuf",
          "requires_dists": [],
          "requires_python": ">=3.9",
          "version": "6.32.1"
        },
        {
          "artifacts": [
            {
              "algorithm": "sha256",
              "hash": "86540386c03d588bb81d44bc3928634ff26449851e99741617ecb9037ee5ec0b",
              "url": "https://files.pythonhosted.org/packages/c7/21/705964c7812476f378728bdf590ca4b771ec72385c533964653c68e86bdc/pygments-2.19.2-py3-none-any.whl"
            },
            {
              "algorithm": "sha256",
              "hash": "636cb2477cec7f8952536970bc533bc43743542f70392ae026374600add5b887",
              "url": "https://files.pythonhosted.org/packages/b0/77/a5b8c569bf593b0140bde72ea885a803b82086995367bf2037de0159d924/pygments-2.19.2.tar.gz"
            }
          ],
          "project_name": "pygments",
          "requires_dists": [
            "colorama>=0.4.6; extra == \"windows-terminal\""
          ],
          "requires_python": ">=3.8",
          "version": "2.19.2"
        },
        {
          "artifacts": [
            {
              "algorithm": "sha256",
              "hash": "872f880de3fc3a5bdc88a11b39c9710c3497a547cfa9320bc3c5e62fbf272e79",
              "url": "https://files.pythonhosted.org/packages/a8/a4/20da314d277121d6534b3a980b29035dcd51e6744bd79075a6ce8fa4eb8d/pytest-8.4.2-py3-none-any.whl"
            },
            {
              "algorithm": "sha256",
              "hash": "86c0d0b93306b961d58d62a4db4879f27fe25513d4b969df351abdddb3c30e01",
              "url": "https://files.pythonhosted.org/packages/a3/5c/00a0e072241553e1a7496d638deababa67c5058571567b92a7eaa258397c/pytest-8.4.2.tar.gz"
            }
          ],
          "project_name": "pytest",
          "requires_dists": [
            "argcomplete; extra == \"dev\"",
            "attrs>=19.2; extra == \"dev\"",
            "colorama>=0.4; sys_platform == \"win32\"",
            "exceptiongroup>=1; python_version < \"3.11\"",
            "hypothesis>=3.56; extra == \"dev\"",
            "iniconfig>=1",
            "mock; extra == \"dev\"",
            "packaging>=20",
            "pluggy<2,>=1.5",
            "pygments>=2.7.2",
            "requests; extra == \"dev\"",
            "setuptools; extra == \"dev\"",
            "tomli>=1; python_version < \"3.11\"",
            "xmlschema; extra == \"dev\""
          ],
          "requires_python": ">=3.9",
          "version": "8.4.2"
        },
        {
          "artifacts": [
            {
              "algorithm": "sha256",
              "hash": "1b63773f648aa3d8541000c26929c1ea63934be1cfa674c76436966d73fe6a10",
              "url": "https://files.pythonhosted.org/packages/be/ac/bd0608d229ec808e51a21044f3f2f27b9a37e7a0ebaca7247882e67876af/pytest_django-4.11.1-py3-none-any.whl"
            },
            {
              "algorithm": "sha256",
              "hash": "a949141a1ee103cb0e7a20f1451d355f83f5e4a5d07bdd4dcfdd1fd0ff227991",
              "url": "https://files.pythonhosted.org/packages/b1/fb/55d580352db26eb3d59ad50c64321ddfe228d3d8ac107db05387a2fadf3a/pytest_django-4.11.1.tar.gz"
            }
          ],
          "project_name": "pytest-django",
          "requires_dists": [
            "Django; extra == \"testing\"",
            "django-configurations>=2.0; extra == \"testing\"",
            "pytest>=7.0.0",
            "sphinx; extra == \"docs\"",
            "sphinx_rtd_theme; extra == \"docs\""
          ],
          "requires_python": ">=3.8",
          "version": "4.11.1"
        },
        {
          "artifacts": [
            {
              "algorithm": "sha256",
              "hash": "5ddf76296dd8c44c26eb8f4b6f35488f3ccbf6fbbd7adee0b7262d43f0ec2f00",
              "url": "https://files.pythonhosted.org/packages/81/c4/34e93fe5f5429d7570ec1fa436f1986fb1f00c3e0f43a589fe2bbcd22c3f/pytz-2025.2-py2.py3-none-any.whl"
            },
            {
              "algorithm": "sha256",
              "hash": "360b9e3dbb49a209c21ad61809c7fb453643e048b38924c765813546746e81c3",
              "url": "https://files.pythonhosted.org/packages/f8/bf/abbd3cdfb8fbc7fb3d4d38d320f2441b1e7cbe29be4f23797b4a2b5d8aac/pytz-2025.2.tar.gz"
            }
          ],
          "project_name": "pytz",
          "requires_dists": [],
          "requires_python": null,
          "version": "2025.2"
        },
        {
          "artifacts": [
            {
              "algorithm": "sha256",
              "hash": "2462f94637a34fd532264295e186976db0f5d453d1cdd31473c85a6a161affb6",
              "url": "https://files.pythonhosted.org/packages/1e/db/4254e3eabe8020b458f1a747140d32277ec7a271daf1d235b70dc0b4e6e3/requests-2.32.5-py3-none-any.whl"
            },
            {
              "algorithm": "sha256",
              "hash": "dbba0bac56e100853db0ea71b82b4dfd5fe2bf6d3754a8893c3af500cec7d7cf",
              "url": "https://files.pythonhosted.org/packages/c9/74/b3ff8e6c8446842c3f5c837e9c3dfcfe2018ea6ecef224c710c85ef728f4/requests-2.32.5.tar.gz"
            }
          ],
          "project_name": "requests",
          "requires_dists": [
            "PySocks!=1.5.7,>=1.5.6; extra == \"socks\"",
            "certifi>=2017.4.17",
            "chardet<6,>=3.0.2; extra == \"use-chardet-on-py3\"",
            "charset_normalizer<4,>=2",
            "idna<4,>=2.5",
            "urllib3<3,>=1.21.1"
          ],
          "requires_python": ">=3.9",
          "version": "2.32.5"
        },
        {
          "artifacts": [
            {
              "algorithm": "sha256",
              "hash": "062d34222ad13e0cc312a4c02d73f059e86a4acbfbdea8f8f76b28c99f306922",
              "url": "https://files.pythonhosted.org/packages/a3/dc/17031897dae0efacfea57dfd3a82fdd2a2aeb58e0ff71b77b87e44edc772/setuptools-80.9.0-py3-none-any.whl"
            },
            {
              "algorithm": "sha256",
              "hash": "f36b47402ecde768dbfafc46e8e4207b4360c654f1f3bb84475f0a28628fb19c",
              "url": "https://files.pythonhosted.org/packages/18/5d/3bf57dcd21979b887f014ea83c24ae194cfcd12b9e0fda66b957c69d1fca/setuptools-80.9.0.tar.gz"
            }
          ],
          "project_name": "setuptools",
          "requires_dists": [
            "build[virtualenv]>=1.0.3; extra == \"test\"",
            "filelock>=3.4.0; extra == \"test\"",
            "furo; extra == \"doc\"",
            "importlib_metadata>=6; python_version < \"3.10\" and extra == \"core\"",
            "importlib_metadata>=7.0.2; python_version < \"3.10\" and extra == \"type\"",
            "ini2toml[lite]>=0.14; extra == \"test\"",
            "jaraco.develop>=7.21; (python_version >= \"3.9\" and sys_platform != \"cygwin\") and extra == \"test\"",
            "jaraco.develop>=7.21; sys_platform != \"cygwin\" and extra == \"type\"",
            "jaraco.envs>=2.2; extra == \"test\"",
            "jaraco.functools>=4; extra == \"core\"",
            "jaraco.packaging>=9.3; extra == \"doc\"",
            "jaraco.path>=3.7.2; extra == \"test\"",
            "jaraco.test>=5.5; extra == \"test\"",
            "jaraco.text>=3.7; extra == \"core\"",
            "jaraco.tidelift>=1.4; extra == \"doc\"",
            "more_itertools; extra == \"core\"",
            "more_itertools>=8.8; extra == \"core\"",
            "mypy==1.14.*; extra == \"type\"",
            "packaging>=24.2; extra == \"core\"",
            "packaging>=24.2; extra == \"test\"",
            "pip>=19.1; extra == \"test\"",
            "platformdirs>=4.2.2; extra == \"core\"",
            "pygments-github-lexers==0.0.5; extra == \"doc\"",
            "pyproject-hooks!=1.1; extra == \"doc\"",
            "pyproject-hooks!=1.1; extra == \"test\"",
            "pytest!=8.1.*,>=6; extra == \"test\"",
            "pytest-checkdocs>=2.4; extra == \"check\"",
            "pytest-cov; extra == \"cover\"",
            "pytest-enabler>=2.2; extra == \"enabler\"",
            "pytest-home>=0.5; extra == \"test\"",
            "pytest-mypy; extra == \"type\"",
            "pytest-perf; sys_platform != \"cygwin\" and extra == \"test\"",
            "pytest-ruff>=0.2.1; sys_platform != \"cygwin\" and extra == \"check\"",
            "pytest-subprocess; extra == \"test\"",
            "pytest-timeout; extra == \"test\"",
            "pytest-xdist>=3; extra == \"test\"",
            "rst.linker>=1.9; extra == \"doc\"",
            "ruff>=0.8.0; sys_platform != \"cygwin\" and extra == \"check\"",
            "sphinx-favicon; extra == \"doc\"",
            "sphinx-inline-tabs; extra == \"doc\"",
            "sphinx-lint; extra == \"doc\"",
            "sphinx-notfound-page<2,>=1; extra == \"doc\"",
            "sphinx-reredirects; extra == \"doc\"",
            "sphinx>=3.5; extra == \"doc\"",
            "sphinxcontrib-towncrier; extra == \"doc\"",
            "tomli-w>=1.0.0; extra == \"test\"",
            "tomli>=2.0.1; python_version < \"3.11\" and extra == \"core\"",
            "towncrier<24.7; extra == \"doc\"",
            "virtualenv>=13.0.0; extra == \"test\"",
            "wheel>=0.43.0; extra == \"core\"",
            "wheel>=0.44.0; extra == \"test\""
          ],
          "requires_python": ">=3.9",
          "version": "80.9.0"
        },
        {
          "artifacts": [
            {
              "algorithm": "sha256",
              "hash": "cf2196ed3418f3ba5de6af7e82c694a9fbdbfecccdfc72e281548517081f16ca",
              "url": "https://files.pythonhosted.org/packages/a9/5c/bfd6bd0bf979426d405cc6e71eceb8701b148b16c21d2dc3c261efc61c7b/sqlparse-0.5.3-py3-none-any.whl"
            },
            {
              "algorithm": "sha256",
              "hash": "09f67787f56a0b16ecdbde1bfc7f5d9c3371ca683cfeaa8e6ff60b4807ec9272",
              "url": "https://files.pythonhosted.org/packages/e5/40/edede8dd6977b0d3da179a342c198ed100dd2aba4be081861ee5911e4da4/sqlparse-0.5.3.tar.gz"
            }
          ],
          "project_name": "sqlparse",
          "requires_dists": [
            "build; extra == \"dev\"",
            "hatch; extra == \"dev\"",
            "sphinx; extra == \"doc\""
          ],
          "requires_python": ">=3.8",
          "version": "0.5.3"
        },
        {
          "artifacts": [
            {
              "algorithm": "sha256",
              "hash": "cebfb004989d9a2ab0d24c0c5805783c7f4e07243ea4ed2a8f1809d072bf712b",
              "url": "https://files.pythonhosted.org/packages/e1/54/df0d3e62636f291d716caa44c5c9590af8e6f225c59d7874051da6428c06/translate-3.6.1-py2.py3-none-any.whl"
            },
            {
              "algorithm": "sha256",
              "hash": "7e70ffa46f193cc744be7c88b8e1323f10f6b2bb90d24bb5d29fdf1e56618783",
              "url": "https://files.pythonhosted.org/packages/d1/9d/692066b9e26176a93ce627bf467bca48f198eb0e036337a5180d566c9561/translate-3.6.1.tar.gz"
            }
          ],
          "project_name": "translate",
          "requires_dists": [
            "click",
            "libretranslatepy==2.1.1",
            "lxml",
            "requests"
          ],
          "requires_python": null,
          "version": "3.6.1"
        },
        {
          "artifacts": [
            {
              "algorithm": "sha256",
              "hash": "4f55ed1b43e925cf851a756fe1707e0f5deeb1976e15bf844bcaa025e8fbd0db",
              "url": "https://files.pythonhosted.org/packages/db/d0/91c24fe54e565f2344d7a6821e6c6bb099841ef09007ea6321a0bac0f808/types_pytz-2025.2.0.20250809-py3-none-any.whl"
            },
            {
              "algorithm": "sha256",
              "hash": "222e32e6a29bb28871f8834e8785e3801f2dc4441c715cd2082b271eecbe21e5",
              "url": "https://files.pythonhosted.org/packages/07/e2/c774f754de26848f53f05defff5bb21dd9375a059d1ba5b5ea943cf8206e/types_pytz-2025.2.0.20250809.tar.gz"
            }
          ],
          "project_name": "types-pytz",
          "requires_dists": [],
          "requires_python": ">=3.9",
          "version": "2025.2.0.20250809"
        },
        {
          "artifacts": [
            {
              "algorithm": "sha256",
              "hash": "e7d4d9e064e89a3b3cae120b4990cd370874d2bf12fa5f46c97018dd5d3c9ab6",
              "url": "https://files.pythonhosted.org/packages/bd/e0/1eed384f02555dde685fff1a1ac805c1c7dcb6dd019c916fe659b1c1f9ec/types_pyyaml-6.0.12.20250915-py3-none-any.whl"
            },
            {
              "algorithm": "sha256",
              "hash": "0f8b54a528c303f0e6f7165687dd33fafa81c807fcac23f632b63aa624ced1d3",
              "url": "https://files.pythonhosted.org/packages/7e/69/3c51b36d04da19b92f9e815be12753125bd8bc247ba0470a982e6979e71c/types_pyyaml-6.0.12.20250915.tar.gz"
            }
          ],
          "project_name": "types-pyyaml",
          "requires_dists": [],
          "requires_python": ">=3.9",
          "version": "6.0.12.20250915"
        },
        {
          "artifacts": [
            {
              "algorithm": "sha256",
              "hash": "78c9c1fffebbe0fa487a418e0fa5252017e9c60d1a2da394077f1780f655d7e1",
              "url": "https://files.pythonhosted.org/packages/2a/20/9a227ea57c1285986c4cf78400d0a91615d25b24e257fd9e2969606bdfae/types_requests-2.32.4.20250913-py3-none-any.whl"
            },
            {
              "algorithm": "sha256",
              "hash": "abd6d4f9ce3a9383f269775a9835a4c24e5cd6b9f647d64f88aa4613c33def5d",
              "url": "https://files.pythonhosted.org/packages/36/27/489922f4505975b11de2b5ad07b4fe1dca0bca9be81a703f26c5f3acfce5/types_requests-2.32.4.20250913.tar.gz"
            }
          ],
          "project_name": "types-requests",
          "requires_dists": [
            "urllib3>=2"
          ],
          "requires_python": ">=3.9",
          "version": "2.32.4.20250913"
        },
        {
          "artifacts": [
            {
              "algorithm": "sha256",
              "hash": "f0fa19c6845758ab08074a0cfa8b7aecb71c999ca73d62883bc25cc018c4e548",
              "url": "https://files.pythonhosted.org/packages/18/67/36e9267722cc04a6b9f15c7f3441c2363321a3ea07da7ae0c0707beb2a9c/typing_extensions-4.15.0-py3-none-any.whl"
            },
            {
              "algorithm": "sha256",
              "hash": "0cea48d173cc12fa28ecabc3b837ea3cf6f38c6d1136f85cbaaf598984861466",
              "url": "https://files.pythonhosted.org/packages/72/94/1a15dd82efb362ac84269196e94cf00f187f7ed21c242792a923cdb1c61f/typing_extensions-4.15.0.tar.gz"
            }
          ],
          "project_name": "typing-extensions",
          "requires_dists": [],
          "requires_python": ">=3.9",
          "version": "4.15.0"
        },
        {
          "artifacts": [
            {
              "algorithm": "sha256",
              "hash": "e6b01673c0fa6a13e374b50871808eb3bf7046c4b125b216f6bf1cc604cff0dc",
              "url": "https://files.pythonhosted.org/packages/a7/c2/fe1e52489ae3122415c51f387e221dd0773709bad6c6cdaa599e8a2c5185/urllib3-2.5.0-py3-none-any.whl"
            },
            {
              "algorithm": "sha256",
              "hash": "3fc47733c7e419d4bc3f6b3dc2b4f890bb743906a30d56ba4a5bfa4bbff92760",
              "url": "https://files.pythonhosted.org/packages/15/22/9ee70a2574a4f4599c47dd506532914ce044817c7752a79b6a51286319bc/urllib3-2.5.0.tar.gz"
            }
          ],
          "project_name": "urllib3",
          "requires_dists": [
            "brotli>=1.0.9; platform_python_implementation == \"CPython\" and extra == \"brotli\"",
            "brotlicffi>=0.8.0; platform_python_implementation != \"CPython\" and extra == \"brotli\"",
            "h2<5,>=4; extra == \"h2\"",
            "pysocks!=1.5.7,<2.0,>=1.5.6; extra == \"socks\"",
            "zstandard>=0.18.0; extra == \"zstd\""
          ],
          "requires_python": ">=3.9",
          "version": "2.5.0"
        }
      ],
      "platform_tag": null
    }
  ],
  "only_builds": [],
  "only_wheels": [],
  "overridden": [],
  "path_mappings": {},
  "pex_version": "2.55.2",
  "pip_version": "24.2",
  "prefer_older_binary": false,
  "requirements": [
    "ansicolors>=1.0.2",
    "django-debug-toolbar<4,>=3.8.0",
    "django-stubs~=4.2.7",
    "django<4,>=3.2.13",
    "gunicorn>=20.1.0",
    "mypy==1.18.1",
    "protobuf>=3.11.3",
    "pytest-django<5,>=4",
    "pytest>=6.0.1",
    "requests>=2.25.1",
    "setuptools>=42.0.0",
    "translate>=3.2.1",
    "types-requests>=2.25.1"
  ],
  "requires_python": [
    "CPython<3.13,>=3.12"
  ],
  "resolver_version": "pip-2020-resolver",
  "style": "universal",
  "target_systems": [
    "linux",
    "mac"
  ],
  "transitive": true,
  "use_pep517": null,
  "use_system_time": false
}
